// !$*UTF8*$!
{
	archiveVersion = 1;
	classes = {
	};
	objectVersion = 46;
	objects = {

/* Begin PBXBuildFile section */
		431735D01C0CE07900681C8E /* AppDelegate.swift in Sources */ = {isa = PBXBuildFile; fileRef = 431735CF1C0CE07900681C8E /* AppDelegate.swift */; };
		431735D21C0CE07900681C8E /* ViewController.swift in Sources */ = {isa = PBXBuildFile; fileRef = 431735D11C0CE07900681C8E /* ViewController.swift */; };
		431735D41C0CE07900681C8E /* Assets.xcassets in Resources */ = {isa = PBXBuildFile; fileRef = 431735D31C0CE07900681C8E /* Assets.xcassets */; };
		431735D71C0CE07900681C8E /* Main.storyboard in Resources */ = {isa = PBXBuildFile; fileRef = 431735D51C0CE07900681C8E /* Main.storyboard */; };
		4338B89D1C18C128007D3DF6 /* Spectra.framework in Frameworks */ = {isa = PBXBuildFile; fileRef = 4338B89C1C18C128007D3DF6 /* Spectra.framework */; };
		4338B89E1C18C128007D3DF6 /* Spectra.framework in Embed Frameworks */ = {isa = PBXBuildFile; fileRef = 4338B89C1C18C128007D3DF6 /* Spectra.framework */; settings = {ATTRIBUTES = (CodeSignOnCopy, RemoveHeadersOnCopy, ); }; };
		4338B8A01C18C141007D3DF6 /* Fuzi.framework in Frameworks */ = {isa = PBXBuildFile; fileRef = 4338B89F1C18C141007D3DF6 /* Fuzi.framework */; };
		4338B8A11C18C141007D3DF6 /* Fuzi.framework in Embed Frameworks */ = {isa = PBXBuildFile; fileRef = 4338B89F1C18C141007D3DF6 /* Fuzi.framework */; settings = {ATTRIBUTES = (CodeSignOnCopy, RemoveHeadersOnCopy, ); }; };
/* End PBXBuildFile section */

/* Begin PBXCopyFilesBuildPhase section */
		4338B89B1C18C0EF007D3DF6 /* Embed Frameworks */ = {
			isa = PBXCopyFilesBuildPhase;
			buildActionMask = 2147483647;
			dstPath = "";
			dstSubfolderSpec = 10;
			files = (
				4338B8A11C18C141007D3DF6 /* Fuzi.framework in Embed Frameworks */,
				4338B89E1C18C128007D3DF6 /* Spectra.framework in Embed Frameworks */,
			);
			name = "Embed Frameworks";
			runOnlyForDeploymentPostprocessing = 0;
		};
/* End PBXCopyFilesBuildPhase section */

/* Begin PBXFileReference section */
		431735CC1C0CE07900681C8E /* SpectraOSXExamples.app */ = {isa = PBXFileReference; explicitFileType = wrapper.application; includeInIndex = 0; path = SpectraOSXExamples.app; sourceTree = BUILT_PRODUCTS_DIR; };
		431735CF1C0CE07900681C8E /* AppDelegate.swift */ = {isa = PBXFileReference; lastKnownFileType = sourcecode.swift; path = AppDelegate.swift; sourceTree = "<group>"; };
		431735D11C0CE07900681C8E /* ViewController.swift */ = {isa = PBXFileReference; lastKnownFileType = sourcecode.swift; path = ViewController.swift; sourceTree = "<group>"; };
		431735D31C0CE07900681C8E /* Assets.xcassets */ = {isa = PBXFileReference; lastKnownFileType = folder.assetcatalog; path = Assets.xcassets; sourceTree = "<group>"; };
		431735D61C0CE07900681C8E /* Base */ = {isa = PBXFileReference; lastKnownFileType = file.storyboard; name = Base; path = Base.lproj/Main.storyboard; sourceTree = "<group>"; };
		431735D81C0CE07900681C8E /* Info.plist */ = {isa = PBXFileReference; lastKnownFileType = text.plist.xml; path = Info.plist; sourceTree = "<group>"; };
		4338B89C1C18C128007D3DF6 /* Spectra.framework */ = {isa = PBXFileReference; explicitFileType = wrapper.framework; name = Spectra.framework; path = "/Users/dc/Library/Developer/Xcode/DerivedData/Spectra-cfocsqcnoxenejbbfuxnungaqyiw/Build/Products/Debug/Spectra.framework"; sourceTree = "<absolute>"; };
		4338B89F1C18C141007D3DF6 /* Fuzi.framework */ = {isa = PBXFileReference; lastKnownFileType = wrapper.framework; name = Fuzi.framework; path = ../Carthage/Build/Mac/Fuzi.framework; sourceTree = "<group>"; };
/* End PBXFileReference section */

/* Begin PBXFrameworksBuildPhase section */
		431735C91C0CE07900681C8E /* Frameworks */ = {
			isa = PBXFrameworksBuildPhase;
			buildActionMask = 2147483647;
			files = (
				4338B8A01C18C141007D3DF6 /* Fuzi.framework in Frameworks */,
				4338B89D1C18C128007D3DF6 /* Spectra.framework in Frameworks */,
			);
			runOnlyForDeploymentPostprocessing = 0;
		};
/* End PBXFrameworksBuildPhase section */

/* Begin PBXGroup section */
		431735C31C0CE07900681C8E = {
			isa = PBXGroup;
			children = (
				4338B89F1C18C141007D3DF6 /* Fuzi.framework */,
				4338B89C1C18C128007D3DF6 /* Spectra.framework */,
				431735CE1C0CE07900681C8E /* SpectraOSXExamples */,
				431735CD1C0CE07900681C8E /* Products */,
			);
			sourceTree = "<group>";
		};
		431735CD1C0CE07900681C8E /* Products */ = {
			isa = PBXGroup;
			children = (
				431735CC1C0CE07900681C8E /* SpectraOSXExamples.app */,
			);
			name = Products;
			sourceTree = "<group>";
		};
		431735CE1C0CE07900681C8E /* SpectraOSXExamples */ = {
			isa = PBXGroup;
			children = (
				431735CF1C0CE07900681C8E /* AppDelegate.swift */,
				431735D11C0CE07900681C8E /* ViewController.swift */,
				431735D31C0CE07900681C8E /* Assets.xcassets */,
				431735D51C0CE07900681C8E /* Main.storyboard */,
				431735D81C0CE07900681C8E /* Info.plist */,
			);
			path = SpectraOSXExamples;
			sourceTree = "<group>";
		};
/* End PBXGroup section */

/* Begin PBXNativeTarget section */
		431735CB1C0CE07900681C8E /* SpectraOSXExamples */ = {
			isa = PBXNativeTarget;
			buildConfigurationList = 431735DB1C0CE07900681C8E /* Build configuration list for PBXNativeTarget "SpectraOSXExamples" */;
			buildPhases = (
				431735C81C0CE07900681C8E /* Sources */,
				431735C91C0CE07900681C8E /* Frameworks */,
				431735CA1C0CE07900681C8E /* Resources */,
				4338B89B1C18C0EF007D3DF6 /* Embed Frameworks */,
			);
			buildRules = (
			);
			dependencies = (
			);
			name = SpectraOSXExamples;
			productName = SpectraOSXExamples;
			productReference = 431735CC1C0CE07900681C8E /* SpectraOSXExamples.app */;
			productType = "com.apple.product-type.application";
		};
/* End PBXNativeTarget section */

/* Begin PBXProject section */
		431735C41C0CE07900681C8E /* Project object */ = {
			isa = PBXProject;
			attributes = {
				LastSwiftUpdateCheck = 0710;
				LastUpgradeCheck = 0710;
				ORGANIZATIONNAME = Spectra;
				TargetAttributes = {
					431735CB1C0CE07900681C8E = {
						CreatedOnToolsVersion = 7.1.1;
					};
				};
			};
			buildConfigurationList = 431735C71C0CE07900681C8E /* Build configuration list for PBXProject "SpectraOSXExamples" */;
			compatibilityVersion = "Xcode 3.2";
			developmentRegion = English;
			hasScannedForEncodings = 0;
			knownRegions = (
				en,
				Base,
			);
			mainGroup = 431735C31C0CE07900681C8E;
			productRefGroup = 431735CD1C0CE07900681C8E /* Products */;
			projectDirPath = "";
			projectRoot = "";
			targets = (
				431735CB1C0CE07900681C8E /* SpectraOSXExamples */,
			);
		};
/* End PBXProject section */

/* Begin PBXResourcesBuildPhase section */
		431735CA1C0CE07900681C8E /* Resources */ = {
			isa = PBXResourcesBuildPhase;
			buildActionMask = 2147483647;
			files = (
				431735D41C0CE07900681C8E /* Assets.xcassets in Resources */,
				431735D71C0CE07900681C8E /* Main.storyboard in Resources */,
			);
			runOnlyForDeploymentPostprocessing = 0;
		};
/* End PBXResourcesBuildPhase section */

/* Begin PBXSourcesBuildPhase section */
		431735C81C0CE07900681C8E /* Sources */ = {
			isa = PBXSourcesBuildPhase;
			buildActionMask = 2147483647;
			files = (
				431735D21C0CE07900681C8E /* ViewController.swift in Sources */,
				431735D01C0CE07900681C8E /* AppDelegate.swift in Sources */,
			);
			runOnlyForDeploymentPostprocessing = 0;
		};
/* End PBXSourcesBuildPhase section */

/* Begin PBXVariantGroup section */
		431735D51C0CE07900681C8E /* Main.storyboard */ = {
			isa = PBXVariantGroup;
			children = (
				431735D61C0CE07900681C8E /* Base */,
			);
			name = Main.storyboard;
			sourceTree = "<group>";
		};
/* End PBXVariantGroup section */

/* Begin XCBuildConfiguration section */
		431735D91C0CE07900681C8E /* Debug */ = {
			isa = XCBuildConfiguration;
			buildSettings = {
				ALWAYS_SEARCH_USER_PATHS = NO;
				CLANG_CXX_LANGUAGE_STANDARD = "gnu++0x";
				CLANG_CXX_LIBRARY = "libc++";
				CLANG_ENABLE_MODULES = YES;
				CLANG_ENABLE_OBJC_ARC = YES;
				CLANG_WARN_BOOL_CONVERSION = YES;
				CLANG_WARN_CONSTANT_CONVERSION = YES;
				CLANG_WARN_DIRECT_OBJC_ISA_USAGE = YES_ERROR;
				CLANG_WARN_EMPTY_BODY = YES;
				CLANG_WARN_ENUM_CONVERSION = YES;
				CLANG_WARN_INT_CONVERSION = YES;
				CLANG_WARN_OBJC_ROOT_CLASS = YES_ERROR;
				CLANG_WARN_UNREACHABLE_CODE = YES;
				CLANG_WARN__DUPLICATE_METHOD_MATCH = YES;
				CODE_SIGN_IDENTITY = "-";
				COPY_PHASE_STRIP = NO;
				DEBUG_INFORMATION_FORMAT = dwarf;
				ENABLE_STRICT_OBJC_MSGSEND = YES;
				ENABLE_TESTABILITY = YES;
				GCC_C_LANGUAGE_STANDARD = gnu99;
				GCC_DYNAMIC_NO_PIC = NO;
				GCC_NO_COMMON_BLOCKS = YES;
				GCC_OPTIMIZATION_LEVEL = 0;
				GCC_PREPROCESSOR_DEFINITIONS = (
					"DEBUG=1",
					"$(inherited)",
				);
				GCC_WARN_64_TO_32_BIT_CONVERSION = YES;
				GCC_WARN_ABOUT_RETURN_TYPE = YES_ERROR;
				GCC_WARN_UNDECLARED_SELECTOR = YES;
				GCC_WARN_UNINITIALIZED_AUTOS = YES_AGGRESSIVE;
				GCC_WARN_UNUSED_FUNCTION = YES;
				GCC_WARN_UNUSED_VARIABLE = YES;
				MACOSX_DEPLOYMENT_TARGET = 10.11;
				MTL_ENABLE_DEBUG_INFO = YES;
				ONLY_ACTIVE_ARCH = YES;
				SDKROOT = macosx;
				SWIFT_OPTIMIZATION_LEVEL = "-Onone";
			};
			name = Debug;
		};
		431735DA1C0CE07900681C8E /* Release */ = {
			isa = XCBuildConfiguration;
			buildSettings = {
				ALWAYS_SEARCH_USER_PATHS = NO;
				CLANG_CXX_LANGUAGE_STANDARD = "gnu++0x";
				CLANG_CXX_LIBRARY = "libc++";
				CLANG_ENABLE_MODULES = YES;
				CLANG_ENABLE_OBJC_ARC = YES;
				CLANG_WARN_BOOL_CONVERSION = YES;
				CLANG_WARN_CONSTANT_CONVERSION = YES;
				CLANG_WARN_DIRECT_OBJC_ISA_USAGE = YES_ERROR;
				CLANG_WARN_EMPTY_BODY = YES;
				CLANG_WARN_ENUM_CONVERSION = YES;
				CLANG_WARN_INT_CONVERSION = YES;
				CLANG_WARN_OBJC_ROOT_CLASS = YES_ERROR;
				CLANG_WARN_UNREACHABLE_CODE = YES;
				CLANG_WARN__DUPLICATE_METHOD_MATCH = YES;
				CODE_SIGN_IDENTITY = "-";
				COPY_PHASE_STRIP = NO;
				DEBUG_INFORMATION_FORMAT = "dwarf-with-dsym";
				ENABLE_NS_ASSERTIONS = NO;
				ENABLE_STRICT_OBJC_MSGSEND = YES;
				GCC_C_LANGUAGE_STANDARD = gnu99;
				GCC_NO_COMMON_BLOCKS = YES;
				GCC_WARN_64_TO_32_BIT_CONVERSION = YES;
				GCC_WARN_ABOUT_RETURN_TYPE = YES_ERROR;
				GCC_WARN_UNDECLARED_SELECTOR = YES;
				GCC_WARN_UNINITIALIZED_AUTOS = YES_AGGRESSIVE;
				GCC_WARN_UNUSED_FUNCTION = YES;
				GCC_WARN_UNUSED_VARIABLE = YES;
				MACOSX_DEPLOYMENT_TARGET = 10.11;
				MTL_ENABLE_DEBUG_INFO = NO;
				SDKROOT = macosx;
			};
			name = Release;
		};
		431735DC1C0CE07900681C8E /* Debug */ = {
			isa = XCBuildConfiguration;
			buildSettings = {
				ASSETCATALOG_COMPILER_APPICON_NAME = AppIcon;
				COMBINE_HIDPI_IMAGES = YES;
				INFOPLIST_FILE = SpectraOSXExamples/Info.plist;
				LD_RUNPATH_SEARCH_PATHS = "$(inherited) @executable_path/../Frameworks";
				PRODUCT_BUNDLE_IDENTIFIER = com.spectra.SpectraOSXExamples;
				PRODUCT_NAME = "$(TARGET_NAME)";
			};
			name = Debug;
		};
		431735DD1C0CE07900681C8E /* Release */ = {
			isa = XCBuildConfiguration;
			buildSettings = {
				ASSETCATALOG_COMPILER_APPICON_NAME = AppIcon;
				COMBINE_HIDPI_IMAGES = YES;
				INFOPLIST_FILE = SpectraOSXExamples/Info.plist;
				LD_RUNPATH_SEARCH_PATHS = "$(inherited) @executable_path/../Frameworks";
				PRODUCT_BUNDLE_IDENTIFIER = com.spectra.SpectraOSXExamples;
				PRODUCT_NAME = "$(TARGET_NAME)";
			};
			name = Release;
		};
/* End XCBuildConfiguration section */

/* Begin XCConfigurationList section */
		431735C71C0CE07900681C8E /* Build configuration list for PBXProject "SpectraOSXExamples" */ = {
			isa = XCConfigurationList;
			buildConfigurations = (
				431735D91C0CE07900681C8E /* Debug */,
				431735DA1C0CE07900681C8E /* Release */,
			);
			defaultConfigurationIsVisible = 0;
			defaultConfigurationName = Release;
		};
		431735DB1C0CE07900681C8E /* Build configuration list for PBXNativeTarget "SpectraOSXExamples" */ = {
			isa = XCConfigurationList;
			buildConfigurations = (
				431735DC1C0CE07900681C8E /* Debug */,
				431735DD1C0CE07900681C8E /* Release */,
			);
			defaultConfigurationIsVisible = 0;
			defaultConfigurationName = Release;
		};
/* End XCConfigurationList section */
	};
	rootObject = 431735C41C0CE07900681C8E /* Project object */;
}
