// !$*UTF8*$!
{
	archiveVersion = 1;
	classes = {
	};
	objectVersion = 46;
	objects = {

/* Begin PBXBuildFile section */
		4317E9CB1C8BAD360019B2E2 /* ModelIOMeshGenerators.swift in Sources */ = {isa = PBXBuildFile; fileRef = 4317E9C81C8BAD360019B2E2 /* ModelIOMeshGenerators.swift */; };
		4317E9CC1C8BAD360019B2E2 /* RandomMeshGenerators.swift in Sources */ = {isa = PBXBuildFile; fileRef = 4317E9C91C8BAD360019B2E2 /* RandomMeshGenerators.swift */; };
		4317E9CD1C8BAD360019B2E2 /* BasicTessellation.swift in Sources */ = {isa = PBXBuildFile; fileRef = 4317E9CA1C8BAD360019B2E2 /* BasicTessellation.swift */; };
		4317E9E91C8BC2000019B2E2 /* TextureGenerator.swift in Sources */ = {isa = PBXBuildFile; fileRef = 4317E9E71C8BC2000019B2E2 /* TextureGenerator.swift */; };
		4317EA0C1C8C23AD0019B2E2 /* Fuzi.framework in Frameworks */ = {isa = PBXBuildFile; fileRef = 4317EA0A1C8C23AD0019B2E2 /* Fuzi.framework */; };
		4317EA0D1C8C23AD0019B2E2 /* Swinject.framework in Frameworks */ = {isa = PBXBuildFile; fileRef = 4317EA0B1C8C23AD0019B2E2 /* Swinject.framework */; };
		4317EA0F1C8C23B20019B2E2 /* ModelIO.framework in Frameworks */ = {isa = PBXBuildFile; fileRef = 4317EA0E1C8C23B20019B2E2 /* ModelIO.framework */; };
		4317EA121C8C23B90019B2E2 /* Metal.framework in Frameworks */ = {isa = PBXBuildFile; fileRef = 4317EA101C8C23B90019B2E2 /* Metal.framework */; };
		4317EA131C8C23B90019B2E2 /* MetalKit.framework in Frameworks */ = {isa = PBXBuildFile; fileRef = 4317EA111C8C23B90019B2E2 /* MetalKit.framework */; };
		4317EA151C8C23BD0019B2E2 /* Foundation.framework in Frameworks */ = {isa = PBXBuildFile; fileRef = 4317EA141C8C23BD0019B2E2 /* Foundation.framework */; };
		4317EA1E1C8C31940019B2E2 /* Nimble.framework in Frameworks */ = {isa = PBXBuildFile; fileRef = 4317EA1C1C8C31940019B2E2 /* Nimble.framework */; };
		4317EA1F1C8C31940019B2E2 /* Quick.framework in Frameworks */ = {isa = PBXBuildFile; fileRef = 4317EA1D1C8C31940019B2E2 /* Quick.framework */; };
		4317EA201C8C319B0019B2E2 /* Nimble.framework in Copy Quick/Nimble Frameworks */ = {isa = PBXBuildFile; fileRef = 4317EA1C1C8C31940019B2E2 /* Nimble.framework */; settings = {ATTRIBUTES = (CodeSignOnCopy, RemoveHeadersOnCopy, ); }; };
		4317EA211C8C319C0019B2E2 /* Quick.framework in Copy Quick/Nimble Frameworks */ = {isa = PBXBuildFile; fileRef = 4317EA1D1C8C31940019B2E2 /* Quick.framework */; settings = {ATTRIBUTES = (CodeSignOnCopy, RemoveHeadersOnCopy, ); }; };
		4317EA271C8C36D70019B2E2 /* PlatonicSolidMeshGeneratorsSpec.swift in Sources */ = {isa = PBXBuildFile; fileRef = 4317E9D41C8BADE40019B2E2 /* PlatonicSolidMeshGeneratorsSpec.swift */; };
		4317EA281C8C36DD0019B2E2 /* ModelIOMeshGeneratorsSpec.swift in Sources */ = {isa = PBXBuildFile; fileRef = 4317E9D51C8BADE40019B2E2 /* ModelIOMeshGeneratorsSpec.swift */; };
		4317EA291C8C36E10019B2E2 /* RandomMeshGeneratorsSpec.swift in Sources */ = {isa = PBXBuildFile; fileRef = 4317E9D61C8BADE40019B2E2 /* RandomMeshGeneratorsSpec.swift */; };
		4317EA2A1C8C36E60019B2E2 /* BasicTessellationMeshGeneratorsSpec.swift in Sources */ = {isa = PBXBuildFile; fileRef = 4317E9D71C8BADE40019B2E2 /* BasicTessellationMeshGeneratorsSpec.swift */; };
		4317EA441C8C4A3E0019B2E2 /* Spectra.framework in Frameworks */ = {isa = PBXBuildFile; fileRef = 43EAF8321C0A2FF500EA2B30 /* Spectra.framework */; };
		4317EA451C8C4A3E0019B2E2 /* Spectra.framework in Embed Frameworks */ = {isa = PBXBuildFile; fileRef = 43EAF8321C0A2FF500EA2B30 /* Spectra.framework */; settings = {ATTRIBUTES = (CodeSignOnCopy, RemoveHeadersOnCopy, ); }; };
		4317EA491C8C4A450019B2E2 /* Swinject.framework in Frameworks */ = {isa = PBXBuildFile; fileRef = 4317EA0B1C8C23AD0019B2E2 /* Swinject.framework */; };
		4317EA4A1C8C4A450019B2E2 /* Swinject.framework in Embed Frameworks */ = {isa = PBXBuildFile; fileRef = 4317EA0B1C8C23AD0019B2E2 /* Swinject.framework */; settings = {ATTRIBUTES = (CodeSignOnCopy, RemoveHeadersOnCopy, ); }; };
		4317EA4B1C8C4A4A0019B2E2 /* Fuzi.framework in Frameworks */ = {isa = PBXBuildFile; fileRef = 4317EA0A1C8C23AD0019B2E2 /* Fuzi.framework */; };
		4317EA4C1C8C4A4A0019B2E2 /* Fuzi.framework in Embed Frameworks */ = {isa = PBXBuildFile; fileRef = 4317EA0A1C8C23AD0019B2E2 /* Fuzi.framework */; settings = {ATTRIBUTES = (CodeSignOnCopy, RemoveHeadersOnCopy, ); }; };
		4334D67E1C1F5E7700D2DCA6 /* BasicShaders.metal in Sources */ = {isa = PBXBuildFile; fileRef = 4334D67C1C1F5E7700D2DCA6 /* BasicShaders.metal */; };
		4334D68E1C1F6EF600D2DCA6 /* Spectra3D.xsd in Resources */ = {isa = PBXBuildFile; fileRef = 4334D6891C1F6ECA00D2DCA6 /* Spectra3D.xsd */; };
		4334D6E71C1FAF4E00D2DCA6 /* MetalNodeSpec.swift in Sources */ = {isa = PBXBuildFile; fileRef = 4334D6E21C1FAF4E00D2DCA6 /* MetalNodeSpec.swift */; };
		4338B8D11C18DC92007D3DF6 /* AppDelegate.swift in Sources */ = {isa = PBXBuildFile; fileRef = 4338B8D01C18DC92007D3DF6 /* AppDelegate.swift */; };
		4338B8D31C18DC92007D3DF6 /* ViewController.swift in Sources */ = {isa = PBXBuildFile; fileRef = 4338B8D21C18DC92007D3DF6 /* ViewController.swift */; };
		4338B8D61C18DC92007D3DF6 /* Main.storyboard in Resources */ = {isa = PBXBuildFile; fileRef = 4338B8D41C18DC92007D3DF6 /* Main.storyboard */; };
		4338B8D81C18DC92007D3DF6 /* Assets.xcassets in Resources */ = {isa = PBXBuildFile; fileRef = 4338B8D71C18DC92007D3DF6 /* Assets.xcassets */; };
		4338B8DB1C18DC92007D3DF6 /* LaunchScreen.storyboard in Resources */ = {isa = PBXBuildFile; fileRef = 4338B8D91C18DC92007D3DF6 /* LaunchScreen.storyboard */; };
		435C270F1C8F6F0000CEEFD0 /* SpectraXMLSpec.xml in Resources */ = {isa = PBXBuildFile; fileRef = 435C270E1C8F6F0000CEEFD0 /* SpectraXMLSpec.xml */; };
		43719B331C8808F900C14D56 /* MetalEnums.xsd in Resources */ = {isa = PBXBuildFile; fileRef = 43719B321C8808F900C14D56 /* MetalEnums.xsd */; };
		43719B371C88FEDF00C14D56 /* ArchimedeanSolids.swift in Sources */ = {isa = PBXBuildFile; fileRef = 43719B361C88FEDF00C14D56 /* ArchimedeanSolids.swift */; };
		4371E89C1C190952001D1C39 /* MetalParser.swift in Sources */ = {isa = PBXBuildFile; fileRef = 4338B7FA1C18B39A007D3DF6 /* MetalParser.swift */; };
		4371E89D1C190952001D1C39 /* MetalNodes.swift in Sources */ = {isa = PBXBuildFile; fileRef = 4338B7FB1C18B39A007D3DF6 /* MetalNodes.swift */; };
		4371E89F1C190952001D1C39 /* StateManager.swift in Sources */ = {isa = PBXBuildFile; fileRef = 4338B7FD1C18B39A007D3DF6 /* StateManager.swift */; };
		4371E8A01C190957001D1C39 /* Camable.swift in Sources */ = {isa = PBXBuildFile; fileRef = 4338B7FF1C18B39A007D3DF6 /* Camable.swift */; };
		4371E8A11C190957001D1C39 /* Mesh.swift in Sources */ = {isa = PBXBuildFile; fileRef = 4338B8001C18B39A007D3DF6 /* Mesh.swift */; };
		4371E8A21C190957001D1C39 /* Modelable.swift in Sources */ = {isa = PBXBuildFile; fileRef = 4338B8011C18B39A007D3DF6 /* Modelable.swift */; };
		4371E8A31C190957001D1C39 /* Node.swift in Sources */ = {isa = PBXBuildFile; fileRef = 4338B8021C18B39A007D3DF6 /* Node.swift */; };
		4371E8A41C190957001D1C39 /* NodeResource.swift in Sources */ = {isa = PBXBuildFile; fileRef = 4338B8031C18B39A007D3DF6 /* NodeResource.swift */; };
		4371E8A51C190957001D1C39 /* Perspectable.swift in Sources */ = {isa = PBXBuildFile; fileRef = 4338B8041C18B39A007D3DF6 /* Perspectable.swift */; };
		4371E8A61C190957001D1C39 /* SceneGraph.swift in Sources */ = {isa = PBXBuildFile; fileRef = 4338B8051C18B39A007D3DF6 /* SceneGraph.swift */; };
		4371E8A71C190957001D1C39 /* Uniformable.swift in Sources */ = {isa = PBXBuildFile; fileRef = 4338B8061C18B39A007D3DF6 /* Uniformable.swift */; };
		4371E8A81C190957001D1C39 /* Vertexable.swift in Sources */ = {isa = PBXBuildFile; fileRef = 4338B8071C18B39A007D3DF6 /* Vertexable.swift */; };
		4371E8A91C190957001D1C39 /* WorldView.swift in Sources */ = {isa = PBXBuildFile; fileRef = 4338B8081C18B39A007D3DF6 /* WorldView.swift */; };
		4371E8AC1C19095C001D1C39 /* MeshGenerator.swift in Sources */ = {isa = PBXBuildFile; fileRef = 4338B80C1C18B39A007D3DF6 /* MeshGenerator.swift */; };
		4371E8AD1C19095C001D1C39 /* PlatonicSolids.swift in Sources */ = {isa = PBXBuildFile; fileRef = 4338B80D1C18B39A007D3DF6 /* PlatonicSolids.swift */; };
		4371E8B01C190960001D1C39 /* BufferPool.swift in Sources */ = {isa = PBXBuildFile; fileRef = 4338B8111C18B39A007D3DF6 /* BufferPool.swift */; };
		4371E8B11C190960001D1C39 /* BufferTexture.swift in Sources */ = {isa = PBXBuildFile; fileRef = 4338B8121C18B39A007D3DF6 /* BufferTexture.swift */; };
		4371E8B21C190960001D1C39 /* EncodableData.swift in Sources */ = {isa = PBXBuildFile; fileRef = 4338B8131C18B39A007D3DF6 /* EncodableData.swift */; };
		4371E8B31C190960001D1C39 /* InflightResourceManager.swift in Sources */ = {isa = PBXBuildFile; fileRef = 4338B8141C18B39A007D3DF6 /* InflightResourceManager.swift */; };
		4371E8B41C190960001D1C39 /* PipelineGenerator.swift in Sources */ = {isa = PBXBuildFile; fileRef = 4338B8151C18B39A007D3DF6 /* PipelineGenerator.swift */; };
		4371E8B51C190960001D1C39 /* Renderer.swift in Sources */ = {isa = PBXBuildFile; fileRef = 4338B8161C18B39A007D3DF6 /* Renderer.swift */; };
		4371E8B61C190960001D1C39 /* RenderStage.swift in Sources */ = {isa = PBXBuildFile; fileRef = 4338B8171C18B39A007D3DF6 /* RenderStage.swift */; };
		4371E8B71C190960001D1C39 /* RenderStrategy.swift in Sources */ = {isa = PBXBuildFile; fileRef = 4338B8181C18B39A007D3DF6 /* RenderStrategy.swift */; };
		4371E8B81C190960001D1C39 /* Scene.swift in Sources */ = {isa = PBXBuildFile; fileRef = 4338B8191C18B39A007D3DF6 /* Scene.swift */; };
		4371E8B91C190960001D1C39 /* Transform3D.swift in Sources */ = {isa = PBXBuildFile; fileRef = 4338B81A1C18B39A007D3DF6 /* Transform3D.swift */; };
		4371E8BA1C190960001D1C39 /* View.swift in Sources */ = {isa = PBXBuildFile; fileRef = 4338B81B1C18B39A007D3DF6 /* View.swift */; };
		4371E8BB1C190980001D1C39 /* Spectra.swift in Sources */ = {isa = PBXBuildFile; fileRef = 4338B81D1C18B39A007D3DF6 /* Spectra.swift */; };
		437D18F31C8CF26000C70975 /* LightGenerator.swift in Sources */ = {isa = PBXBuildFile; fileRef = 437D18F11C8CF26000C70975 /* LightGenerator.swift */; };
		437D18F91C8EB1EA00C70975 /* BufferAllocatorGenerator.swift in Sources */ = {isa = PBXBuildFile; fileRef = 437D18F71C8EB1EA00C70975 /* BufferAllocatorGenerator.swift */; };
		4388340D1C9391170098D71A /* SubmeshGenerator.swift in Sources */ = {isa = PBXBuildFile; fileRef = 4388340B1C9391170098D71A /* SubmeshGenerator.swift */; };
		438834111C9391E60098D71A /* BasicSubmeshGeneratorsSpec.swift in Sources */ = {isa = PBXBuildFile; fileRef = 4388340E1C9391DF0098D71A /* BasicSubmeshGeneratorsSpec.swift */; };
		438834191C9393930098D71A /* BasicSubmeshGenerators.swift in Sources */ = {isa = PBXBuildFile; fileRef = 438834181C9393930098D71A /* BasicSubmeshGenerators.swift */; };
		43AC4EFC1C941F220006F4B5 /* AssetManagerSpec.swift in Sources */ = {isa = PBXBuildFile; fileRef = 43AC4EFA1C941F220006F4B5 /* AssetManagerSpec.swift */; };
		43AC4EFD1C941F220006F4B5 /* SpectraSharedExamples.swift in Sources */ = {isa = PBXBuildFile; fileRef = 43AC4EFB1C941F220006F4B5 /* SpectraSharedExamples.swift */; };
		43BDD45F1C8EDEAF00AEFA9E /* ModelIOTextureGenerators.swift in Sources */ = {isa = PBXBuildFile; fileRef = 43BDD45E1C8EDEAF00AEFA9E /* ModelIOTextureGenerators.swift */; };
		43BDD4601C8EDEBD00AEFA9E /* ModelIOTextureGeneratorsSpec.swift in Sources */ = {isa = PBXBuildFile; fileRef = 43BDD45B1C8ED64800AEFA9E /* ModelIOTextureGeneratorsSpec.swift */; };
		43C472711C8F0B4B00F90CED /* MetalXMLTest.xml in Resources */ = {isa = PBXBuildFile; fileRef = 43C472691C8F0B4B00F90CED /* MetalXMLTest.xml */; };
		43C472741C8F0B5700F90CED /* pencil.obj in Resources */ = {isa = PBXBuildFile; fileRef = 43C4726D1C8F0B4B00F90CED /* pencil.obj */; };
		43C472751C8F0B5F00F90CED /* defaultTexture.jpg in Resources */ = {isa = PBXBuildFile; fileRef = 43C4726B1C8F0B4B00F90CED /* defaultTexture.jpg */; };
		43C472761C8F0B6400F90CED /* MetalXMLTest.xml in Resources */ = {isa = PBXBuildFile; fileRef = 43C472691C8F0B4B00F90CED /* MetalXMLTest.xml */; };
		43C472771C8F0B6C00F90CED /* ModelIOMeshGeneratorsSpec.xml in Resources */ = {isa = PBXBuildFile; fileRef = 43C472661C8F0B4B00F90CED /* ModelIOMeshGeneratorsSpec.xml */; };
		43C472781C8F0B6C00F90CED /* ModelIOTextureGeneratorsSpec.xml in Resources */ = {isa = PBXBuildFile; fileRef = 43C472671C8F0B4B00F90CED /* ModelIOTextureGeneratorsSpec.xml */; };
		43C4729B1C8F0C0600F90CED /* defaultTexture.jpg in Resources */ = {isa = PBXBuildFile; fileRef = 43C472941C8F0C0600F90CED /* defaultTexture.jpg */; };
		43C4729C1C8F0C0600F90CED /* DefaultPipeline.xml in Resources */ = {isa = PBXBuildFile; fileRef = 43C472961C8F0C0600F90CED /* DefaultPipeline.xml */; };
		43C4729D1C8F0C0600F90CED /* Cube.xml in Resources */ = {isa = PBXBuildFile; fileRef = 43C472981C8F0C0600F90CED /* Cube.xml */; };
		43C4729E1C8F0C0600F90CED /* DefaultWorld.xml in Resources */ = {isa = PBXBuildFile; fileRef = 43C472991C8F0C0600F90CED /* DefaultWorld.xml */; };
		43D40E091C90880F00DB35D3 /* Nodes.swift in Sources */ = {isa = PBXBuildFile; fileRef = 43D40E051C90880F00DB35D3 /* Nodes.swift */; };
		43D40E0A1C90880F00DB35D3 /* Parser.swift in Sources */ = {isa = PBXBuildFile; fileRef = 43D40E061C90880F00DB35D3 /* Parser.swift */; };
		43D40E0B1C90880F00DB35D3 /* XSD.swift in Sources */ = {isa = PBXBuildFile; fileRef = 43D40E071C90880F00DB35D3 /* XSD.swift */; };
		43D40E1E1C923B9600DB35D3 /* XSDSpec.swift in Sources */ = {isa = PBXBuildFile; fileRef = 43D40E1A1C923B9600DB35D3 /* XSDSpec.swift */; };
		43D40E1F1C923B9600DB35D3 /* NodesSpec.swift in Sources */ = {isa = PBXBuildFile; fileRef = 43D40E1B1C923B9600DB35D3 /* NodesSpec.swift */; };
		43D40E201C923B9600DB35D3 /* ParserSpec.swift in Sources */ = {isa = PBXBuildFile; fileRef = 43D40E1C1C923B9600DB35D3 /* ParserSpec.swift */; };
		43D4FDCC1C7B745F004E2CF7 /* SpectraEnums.xsd in Resources */ = {isa = PBXBuildFile; fileRef = 43D4FDCB1C7B745F004E2CF7 /* SpectraEnums.xsd */; };
		43D4FDD21C7C3E9D004E2CF7 /* SpectraXMLSpec.swift in Sources */ = {isa = PBXBuildFile; fileRef = 43D4FDD11C7C3E9D004E2CF7 /* SpectraXMLSpec.swift */; };
		43D4FDD61C7C5044004E2CF7 /* SpectraXML.swift in Sources */ = {isa = PBXBuildFile; fileRef = 43D4FDD51C7C5044004E2CF7 /* SpectraXML.swift */; };
		43EAF8361C0A2FF500EA2B30 /* Spectra-iOS.h in Headers */ = {isa = PBXBuildFile; fileRef = 43EAF8351C0A2FF500EA2B30 /* Spectra-iOS.h */; settings = {ATTRIBUTES = (Public, ); }; };
		43EAF8421C0A2FF500EA2B30 /* Spectra_iOSTests.swift in Sources */ = {isa = PBXBuildFile; fileRef = 43EAF8411C0A2FF500EA2B30 /* Spectra_iOSTests.swift */; };
/* End PBXBuildFile section */

/* Begin PBXContainerItemProxy section */
		4317EA461C8C4A3E0019B2E2 /* PBXContainerItemProxy */ = {
			isa = PBXContainerItemProxy;
			containerPortal = 43EAF8291C0A2FF500EA2B30 /* Project object */;
			proxyType = 1;
			remoteGlobalIDString = 43EAF8311C0A2FF500EA2B30;
			remoteInfo = SpectraiOS;
		};
		4334D6861C1F6C5800D2DCA6 /* PBXContainerItemProxy */ = {
			isa = PBXContainerItemProxy;
			containerPortal = 43EAF8291C0A2FF500EA2B30 /* Project object */;
			proxyType = 1;
			remoteGlobalIDString = 4338B8CD1C18DC92007D3DF6;
			remoteInfo = "Spectra-iOSExample";
		};
		4338B8871C18BEAA007D3DF6 /* PBXContainerItemProxy */ = {
			isa = PBXContainerItemProxy;
			containerPortal = 43EAF8291C0A2FF500EA2B30 /* Project object */;
			proxyType = 1;
			remoteGlobalIDString = 43EAF8311C0A2FF500EA2B30;
			remoteInfo = SpectraiOS;
		};
/* End PBXContainerItemProxy section */

/* Begin PBXCopyFilesBuildPhase section */
		4317EA481C8C4A3F0019B2E2 /* Embed Frameworks */ = {
			isa = PBXCopyFilesBuildPhase;
			buildActionMask = 2147483647;
			dstPath = "";
			dstSubfolderSpec = 10;
			files = (
				4317EA451C8C4A3E0019B2E2 /* Spectra.framework in Embed Frameworks */,
				4317EA4C1C8C4A4A0019B2E2 /* Fuzi.framework in Embed Frameworks */,
				4317EA4A1C8C4A450019B2E2 /* Swinject.framework in Embed Frameworks */,
			);
			name = "Embed Frameworks";
			runOnlyForDeploymentPostprocessing = 0;
		};
		4371E8721C190500001D1C39 /* Copy Quick/Nimble Frameworks */ = {
			isa = PBXCopyFilesBuildPhase;
			buildActionMask = 2147483647;
			dstPath = "";
			dstSubfolderSpec = 10;
			files = (
				4317EA201C8C319B0019B2E2 /* Nimble.framework in Copy Quick/Nimble Frameworks */,
				4317EA211C8C319C0019B2E2 /* Quick.framework in Copy Quick/Nimble Frameworks */,
			);
			name = "Copy Quick/Nimble Frameworks";
			runOnlyForDeploymentPostprocessing = 0;
		};
/* End PBXCopyFilesBuildPhase section */

/* Begin PBXFileReference section */
		4317E9C81C8BAD360019B2E2 /* ModelIOMeshGenerators.swift */ = {isa = PBXFileReference; fileEncoding = 4; lastKnownFileType = sourcecode.swift; name = ModelIOMeshGenerators.swift; path = /Users/dc/dev/apple/Spectra/Spectra/Meshes/ModelIOMeshGenerators.swift; sourceTree = "<absolute>"; };
		4317E9C91C8BAD360019B2E2 /* RandomMeshGenerators.swift */ = {isa = PBXFileReference; fileEncoding = 4; lastKnownFileType = sourcecode.swift; path = RandomMeshGenerators.swift; sourceTree = "<group>"; };
		4317E9CA1C8BAD360019B2E2 /* BasicTessellation.swift */ = {isa = PBXFileReference; fileEncoding = 4; lastKnownFileType = sourcecode.swift; name = BasicTessellation.swift; path = /Users/dc/dev/apple/Spectra/Spectra/Meshes/BasicTessellation.swift; sourceTree = "<absolute>"; };
		4317E9D41C8BADE40019B2E2 /* PlatonicSolidMeshGeneratorsSpec.swift */ = {isa = PBXFileReference; fileEncoding = 4; lastKnownFileType = sourcecode.swift; name = PlatonicSolidMeshGeneratorsSpec.swift; path = /Users/dc/dev/apple/Spectra/SpectraTests/MeshGenerators/PlatonicSolidMeshGeneratorsSpec.swift; sourceTree = "<absolute>"; };
		4317E9D51C8BADE40019B2E2 /* ModelIOMeshGeneratorsSpec.swift */ = {isa = PBXFileReference; fileEncoding = 4; lastKnownFileType = sourcecode.swift; name = ModelIOMeshGeneratorsSpec.swift; path = /Users/dc/dev/apple/Spectra/SpectraTests/MeshGenerators/ModelIOMeshGeneratorsSpec.swift; sourceTree = "<absolute>"; };
		4317E9D61C8BADE40019B2E2 /* RandomMeshGeneratorsSpec.swift */ = {isa = PBXFileReference; fileEncoding = 4; lastKnownFileType = sourcecode.swift; name = RandomMeshGeneratorsSpec.swift; path = /Users/dc/dev/apple/Spectra/SpectraTests/MeshGenerators/RandomMeshGeneratorsSpec.swift; sourceTree = "<absolute>"; };
		4317E9D71C8BADE40019B2E2 /* BasicTessellationMeshGeneratorsSpec.swift */ = {isa = PBXFileReference; fileEncoding = 4; lastKnownFileType = sourcecode.swift; name = BasicTessellationMeshGeneratorsSpec.swift; path = /Users/dc/dev/apple/Spectra/SpectraTests/MeshGenerators/BasicTessellationMeshGeneratorsSpec.swift; sourceTree = "<absolute>"; };
		4317E9E71C8BC2000019B2E2 /* TextureGenerator.swift */ = {isa = PBXFileReference; fileEncoding = 4; lastKnownFileType = sourcecode.swift; path = TextureGenerator.swift; sourceTree = "<group>"; };
		4317EA0A1C8C23AD0019B2E2 /* Fuzi.framework */ = {isa = PBXFileReference; lastKnownFileType = wrapper.framework; name = Fuzi.framework; path = ../Carthage/Build/iOS/Fuzi.framework; sourceTree = "<group>"; };
		4317EA0B1C8C23AD0019B2E2 /* Swinject.framework */ = {isa = PBXFileReference; lastKnownFileType = wrapper.framework; name = Swinject.framework; path = ../Carthage/Build/iOS/Swinject.framework; sourceTree = "<group>"; };
		4317EA0E1C8C23B20019B2E2 /* ModelIO.framework */ = {isa = PBXFileReference; lastKnownFileType = wrapper.framework; name = ModelIO.framework; path = System/Library/Frameworks/ModelIO.framework; sourceTree = SDKROOT; };
		4317EA101C8C23B90019B2E2 /* Metal.framework */ = {isa = PBXFileReference; lastKnownFileType = wrapper.framework; name = Metal.framework; path = System/Library/Frameworks/Metal.framework; sourceTree = SDKROOT; };
		4317EA111C8C23B90019B2E2 /* MetalKit.framework */ = {isa = PBXFileReference; lastKnownFileType = wrapper.framework; name = MetalKit.framework; path = System/Library/Frameworks/MetalKit.framework; sourceTree = SDKROOT; };
		4317EA141C8C23BD0019B2E2 /* Foundation.framework */ = {isa = PBXFileReference; lastKnownFileType = wrapper.framework; name = Foundation.framework; path = System/Library/Frameworks/Foundation.framework; sourceTree = SDKROOT; };
		4317EA1C1C8C31940019B2E2 /* Nimble.framework */ = {isa = PBXFileReference; lastKnownFileType = wrapper.framework; name = Nimble.framework; path = ../Carthage/Build/iOS/Nimble.framework; sourceTree = "<group>"; };
		4317EA1D1C8C31940019B2E2 /* Quick.framework */ = {isa = PBXFileReference; lastKnownFileType = wrapper.framework; name = Quick.framework; path = ../Carthage/Build/iOS/Quick.framework; sourceTree = "<group>"; };
		4334D67C1C1F5E7700D2DCA6 /* BasicShaders.metal */ = {isa = PBXFileReference; fileEncoding = 4; lastKnownFileType = sourcecode.metal; path = BasicShaders.metal; sourceTree = "<group>"; };
		4334D6891C1F6ECA00D2DCA6 /* Spectra3D.xsd */ = {isa = PBXFileReference; fileEncoding = 4; lastKnownFileType = text.xml; name = Spectra3D.xsd; path = ../../SpectraAssets/Spectra3D.xsd; sourceTree = "<group>"; };
		4334D6E21C1FAF4E00D2DCA6 /* MetalNodeSpec.swift */ = {isa = PBXFileReference; fileEncoding = 4; lastKnownFileType = sourcecode.swift; path = MetalNodeSpec.swift; sourceTree = "<group>"; };
		4338B7FA1C18B39A007D3DF6 /* MetalParser.swift */ = {isa = PBXFileReference; fileEncoding = 4; lastKnownFileType = sourcecode.swift; path = MetalParser.swift; sourceTree = "<group>"; };
		4338B7FB1C18B39A007D3DF6 /* MetalNodes.swift */ = {isa = PBXFileReference; fileEncoding = 4; lastKnownFileType = sourcecode.swift; path = MetalNodes.swift; sourceTree = "<group>"; };
		4338B7FD1C18B39A007D3DF6 /* StateManager.swift */ = {isa = PBXFileReference; fileEncoding = 4; lastKnownFileType = sourcecode.swift; path = StateManager.swift; sourceTree = "<group>"; };
		4338B7FF1C18B39A007D3DF6 /* Camable.swift */ = {isa = PBXFileReference; fileEncoding = 4; lastKnownFileType = sourcecode.swift; path = Camable.swift; sourceTree = "<group>"; };
		4338B8001C18B39A007D3DF6 /* Mesh.swift */ = {isa = PBXFileReference; fileEncoding = 4; lastKnownFileType = sourcecode.swift; path = Mesh.swift; sourceTree = "<group>"; };
		4338B8011C18B39A007D3DF6 /* Modelable.swift */ = {isa = PBXFileReference; fileEncoding = 4; lastKnownFileType = sourcecode.swift; path = Modelable.swift; sourceTree = "<group>"; };
		4338B8021C18B39A007D3DF6 /* Node.swift */ = {isa = PBXFileReference; fileEncoding = 4; lastKnownFileType = sourcecode.swift; path = Node.swift; sourceTree = "<group>"; };
		4338B8031C18B39A007D3DF6 /* NodeResource.swift */ = {isa = PBXFileReference; fileEncoding = 4; lastKnownFileType = sourcecode.swift; path = NodeResource.swift; sourceTree = "<group>"; };
		4338B8041C18B39A007D3DF6 /* Perspectable.swift */ = {isa = PBXFileReference; fileEncoding = 4; lastKnownFileType = sourcecode.swift; path = Perspectable.swift; sourceTree = "<group>"; };
		4338B8051C18B39A007D3DF6 /* SceneGraph.swift */ = {isa = PBXFileReference; fileEncoding = 4; lastKnownFileType = sourcecode.swift; path = SceneGraph.swift; sourceTree = "<group>"; };
		4338B8061C18B39A007D3DF6 /* Uniformable.swift */ = {isa = PBXFileReference; fileEncoding = 4; lastKnownFileType = sourcecode.swift; path = Uniformable.swift; sourceTree = "<group>"; };
		4338B8071C18B39A007D3DF6 /* Vertexable.swift */ = {isa = PBXFileReference; fileEncoding = 4; lastKnownFileType = sourcecode.swift; path = Vertexable.swift; sourceTree = "<group>"; };
		4338B8081C18B39A007D3DF6 /* WorldView.swift */ = {isa = PBXFileReference; fileEncoding = 4; lastKnownFileType = sourcecode.swift; path = WorldView.swift; sourceTree = "<group>"; };
		4338B80C1C18B39A007D3DF6 /* MeshGenerator.swift */ = {isa = PBXFileReference; fileEncoding = 4; lastKnownFileType = sourcecode.swift; path = MeshGenerator.swift; sourceTree = "<group>"; };
		4338B80D1C18B39A007D3DF6 /* PlatonicSolids.swift */ = {isa = PBXFileReference; fileEncoding = 4; lastKnownFileType = sourcecode.swift; path = PlatonicSolids.swift; sourceTree = "<group>"; };
		4338B8111C18B39A007D3DF6 /* BufferPool.swift */ = {isa = PBXFileReference; fileEncoding = 4; lastKnownFileType = sourcecode.swift; path = BufferPool.swift; sourceTree = "<group>"; };
		4338B8121C18B39A007D3DF6 /* BufferTexture.swift */ = {isa = PBXFileReference; fileEncoding = 4; lastKnownFileType = sourcecode.swift; path = BufferTexture.swift; sourceTree = "<group>"; };
		4338B8131C18B39A007D3DF6 /* EncodableData.swift */ = {isa = PBXFileReference; fileEncoding = 4; lastKnownFileType = sourcecode.swift; path = EncodableData.swift; sourceTree = "<group>"; };
		4338B8141C18B39A007D3DF6 /* InflightResourceManager.swift */ = {isa = PBXFileReference; fileEncoding = 4; lastKnownFileType = sourcecode.swift; path = InflightResourceManager.swift; sourceTree = "<group>"; };
		4338B8151C18B39A007D3DF6 /* PipelineGenerator.swift */ = {isa = PBXFileReference; fileEncoding = 4; lastKnownFileType = sourcecode.swift; path = PipelineGenerator.swift; sourceTree = "<group>"; };
		4338B8161C18B39A007D3DF6 /* Renderer.swift */ = {isa = PBXFileReference; fileEncoding = 4; lastKnownFileType = sourcecode.swift; path = Renderer.swift; sourceTree = "<group>"; };
		4338B8171C18B39A007D3DF6 /* RenderStage.swift */ = {isa = PBXFileReference; fileEncoding = 4; lastKnownFileType = sourcecode.swift; path = RenderStage.swift; sourceTree = "<group>"; };
		4338B8181C18B39A007D3DF6 /* RenderStrategy.swift */ = {isa = PBXFileReference; fileEncoding = 4; lastKnownFileType = sourcecode.swift; path = RenderStrategy.swift; sourceTree = "<group>"; };
		4338B8191C18B39A007D3DF6 /* Scene.swift */ = {isa = PBXFileReference; fileEncoding = 4; lastKnownFileType = sourcecode.swift; path = Scene.swift; sourceTree = "<group>"; };
		4338B81A1C18B39A007D3DF6 /* Transform3D.swift */ = {isa = PBXFileReference; fileEncoding = 4; lastKnownFileType = sourcecode.swift; path = Transform3D.swift; sourceTree = "<group>"; };
		4338B81B1C18B39A007D3DF6 /* View.swift */ = {isa = PBXFileReference; fileEncoding = 4; lastKnownFileType = sourcecode.swift; path = View.swift; sourceTree = "<group>"; };
		4338B81D1C18B39A007D3DF6 /* Spectra.swift */ = {isa = PBXFileReference; fileEncoding = 4; lastKnownFileType = sourcecode.swift; path = Spectra.swift; sourceTree = "<group>"; };
		4338B8CE1C18DC92007D3DF6 /* Spectra-iOSExample.app */ = {isa = PBXFileReference; explicitFileType = wrapper.application; includeInIndex = 0; path = "Spectra-iOSExample.app"; sourceTree = BUILT_PRODUCTS_DIR; };
		4338B8D01C18DC92007D3DF6 /* AppDelegate.swift */ = {isa = PBXFileReference; lastKnownFileType = sourcecode.swift; path = AppDelegate.swift; sourceTree = "<group>"; };
		4338B8D21C18DC92007D3DF6 /* ViewController.swift */ = {isa = PBXFileReference; lastKnownFileType = sourcecode.swift; path = ViewController.swift; sourceTree = "<group>"; };
		4338B8D51C18DC92007D3DF6 /* Base */ = {isa = PBXFileReference; lastKnownFileType = file.storyboard; name = Base; path = Base.lproj/Main.storyboard; sourceTree = "<group>"; };
		4338B8D71C18DC92007D3DF6 /* Assets.xcassets */ = {isa = PBXFileReference; lastKnownFileType = folder.assetcatalog; path = Assets.xcassets; sourceTree = "<group>"; };
		4338B8DA1C18DC92007D3DF6 /* Base */ = {isa = PBXFileReference; lastKnownFileType = file.storyboard; name = Base; path = Base.lproj/LaunchScreen.storyboard; sourceTree = "<group>"; };
		4338B8DC1C18DC92007D3DF6 /* Info.plist */ = {isa = PBXFileReference; lastKnownFileType = text.plist.xml; path = Info.plist; sourceTree = "<group>"; };
		435C270E1C8F6F0000CEEFD0 /* SpectraXMLSpec.xml */ = {isa = PBXFileReference; fileEncoding = 4; lastKnownFileType = text.xml; path = SpectraXMLSpec.xml; sourceTree = "<group>"; };
		43719B321C8808F900C14D56 /* MetalEnums.xsd */ = {isa = PBXFileReference; fileEncoding = 4; lastKnownFileType = text.xml; name = MetalEnums.xsd; path = ../../SpectraAssets/MetalEnums.xsd; sourceTree = "<group>"; };
		43719B361C88FEDF00C14D56 /* ArchimedeanSolids.swift */ = {isa = PBXFileReference; fileEncoding = 4; lastKnownFileType = sourcecode.swift; path = ArchimedeanSolids.swift; sourceTree = "<group>"; };
		437D18F11C8CF26000C70975 /* LightGenerator.swift */ = {isa = PBXFileReference; fileEncoding = 4; lastKnownFileType = sourcecode.swift; path = LightGenerator.swift; sourceTree = "<group>"; };
		437D18F71C8EB1EA00C70975 /* BufferAllocatorGenerator.swift */ = {isa = PBXFileReference; fileEncoding = 4; lastKnownFileType = sourcecode.swift; path = BufferAllocatorGenerator.swift; sourceTree = "<group>"; };
		4388340B1C9391170098D71A /* SubmeshGenerator.swift */ = {isa = PBXFileReference; fileEncoding = 4; lastKnownFileType = sourcecode.swift; path = SubmeshGenerator.swift; sourceTree = "<group>"; };
		4388340E1C9391DF0098D71A /* BasicSubmeshGeneratorsSpec.swift */ = {isa = PBXFileReference; fileEncoding = 4; lastKnownFileType = sourcecode.swift; path = BasicSubmeshGeneratorsSpec.swift; sourceTree = "<group>"; };
		438834181C9393930098D71A /* BasicSubmeshGenerators.swift */ = {isa = PBXFileReference; fileEncoding = 4; lastKnownFileType = sourcecode.swift; path = BasicSubmeshGenerators.swift; sourceTree = "<group>"; };
		43AC4EFA1C941F220006F4B5 /* AssetManagerSpec.swift */ = {isa = PBXFileReference; fileEncoding = 4; lastKnownFileType = sourcecode.swift; path = AssetManagerSpec.swift; sourceTree = "<group>"; };
		43AC4EFB1C941F220006F4B5 /* SpectraSharedExamples.swift */ = {isa = PBXFileReference; fileEncoding = 4; lastKnownFileType = sourcecode.swift; path = SpectraSharedExamples.swift; sourceTree = "<group>"; };
		43BDD45B1C8ED64800AEFA9E /* ModelIOTextureGeneratorsSpec.swift */ = {isa = PBXFileReference; fileEncoding = 4; lastKnownFileType = sourcecode.swift; name = ModelIOTextureGeneratorsSpec.swift; path = /Users/dc/dev/apple/Spectra/SpectraTests/Textures/ModelIOTextureGeneratorsSpec.swift; sourceTree = "<absolute>"; };
		43BDD45E1C8EDEAF00AEFA9E /* ModelIOTextureGenerators.swift */ = {isa = PBXFileReference; fileEncoding = 4; lastKnownFileType = sourcecode.swift; path = ModelIOTextureGenerators.swift; sourceTree = "<group>"; };
		43C472661C8F0B4B00F90CED /* ModelIOMeshGeneratorsSpec.xml */ = {isa = PBXFileReference; fileEncoding = 4; lastKnownFileType = text.xml; path = ModelIOMeshGeneratorsSpec.xml; sourceTree = "<group>"; };
		43C472671C8F0B4B00F90CED /* ModelIOTextureGeneratorsSpec.xml */ = {isa = PBXFileReference; fileEncoding = 4; lastKnownFileType = text.xml; path = ModelIOTextureGeneratorsSpec.xml; sourceTree = "<group>"; };
		43C472691C8F0B4B00F90CED /* MetalXMLTest.xml */ = {isa = PBXFileReference; fileEncoding = 4; lastKnownFileType = text.xml; path = MetalXMLTest.xml; sourceTree = "<group>"; };
		43C4726B1C8F0B4B00F90CED /* defaultTexture.jpg */ = {isa = PBXFileReference; lastKnownFileType = image.jpeg; path = defaultTexture.jpg; sourceTree = "<group>"; };
		43C4726D1C8F0B4B00F90CED /* pencil.obj */ = {isa = PBXFileReference; fileEncoding = 4; lastKnownFileType = text; path = pencil.obj; sourceTree = "<group>"; };
		43C472941C8F0C0600F90CED /* defaultTexture.jpg */ = {isa = PBXFileReference; lastKnownFileType = image.jpeg; path = defaultTexture.jpg; sourceTree = "<group>"; };
		43C472961C8F0C0600F90CED /* DefaultPipeline.xml */ = {isa = PBXFileReference; fileEncoding = 4; lastKnownFileType = text.xml; path = DefaultPipeline.xml; sourceTree = "<group>"; };
		43C472981C8F0C0600F90CED /* Cube.xml */ = {isa = PBXFileReference; fileEncoding = 4; lastKnownFileType = text.xml; name = Cube.xml; path = ../../SpectraExampleResources/SpectraXML/Cube.xml; sourceTree = "<group>"; };
		43C472991C8F0C0600F90CED /* DefaultWorld.xml */ = {isa = PBXFileReference; fileEncoding = 4; lastKnownFileType = text.xml; path = DefaultWorld.xml; sourceTree = "<group>"; };
		43D40E051C90880F00DB35D3 /* Nodes.swift */ = {isa = PBXFileReference; fileEncoding = 4; lastKnownFileType = sourcecode.swift; path = Nodes.swift; sourceTree = "<group>"; };
		43D40E061C90880F00DB35D3 /* Parser.swift */ = {isa = PBXFileReference; fileEncoding = 4; lastKnownFileType = sourcecode.swift; path = Parser.swift; sourceTree = "<group>"; };
		43D40E071C90880F00DB35D3 /* XSD.swift */ = {isa = PBXFileReference; fileEncoding = 4; lastKnownFileType = sourcecode.swift; path = XSD.swift; sourceTree = "<group>"; };
		43D40E1A1C923B9600DB35D3 /* XSDSpec.swift */ = {isa = PBXFileReference; fileEncoding = 4; lastKnownFileType = sourcecode.swift; path = XSDSpec.swift; sourceTree = "<group>"; };
		43D40E1B1C923B9600DB35D3 /* NodesSpec.swift */ = {isa = PBXFileReference; fileEncoding = 4; lastKnownFileType = sourcecode.swift; path = NodesSpec.swift; sourceTree = "<group>"; };
		43D40E1C1C923B9600DB35D3 /* ParserSpec.swift */ = {isa = PBXFileReference; fileEncoding = 4; lastKnownFileType = sourcecode.swift; path = ParserSpec.swift; sourceTree = "<group>"; };
		43D4FDCB1C7B745F004E2CF7 /* SpectraEnums.xsd */ = {isa = PBXFileReference; fileEncoding = 4; lastKnownFileType = text.xml; name = SpectraEnums.xsd; path = /Users/dc/dev/apple/Spectra/SpectraAssets/SpectraEnums.xsd; sourceTree = "<absolute>"; };
		43D4FDD11C7C3E9D004E2CF7 /* SpectraXMLSpec.swift */ = {isa = PBXFileReference; fileEncoding = 4; lastKnownFileType = sourcecode.swift; path = SpectraXMLSpec.swift; sourceTree = "<group>"; };
		43D4FDD51C7C5044004E2CF7 /* SpectraXML.swift */ = {isa = PBXFileReference; fileEncoding = 4; lastKnownFileType = sourcecode.swift; path = SpectraXML.swift; sourceTree = "<group>"; };
		43EAF8321C0A2FF500EA2B30 /* Spectra.framework */ = {isa = PBXFileReference; explicitFileType = wrapper.framework; includeInIndex = 0; path = Spectra.framework; sourceTree = BUILT_PRODUCTS_DIR; };
		43EAF8351C0A2FF500EA2B30 /* Spectra-iOS.h */ = {isa = PBXFileReference; lastKnownFileType = sourcecode.c.h; path = "Spectra-iOS.h"; sourceTree = "<group>"; };
		43EAF8371C0A2FF500EA2B30 /* Info.plist */ = {isa = PBXFileReference; lastKnownFileType = text.plist.xml; path = Info.plist; sourceTree = "<group>"; };
		43EAF83C1C0A2FF500EA2B30 /* SpectraiOSSpec.xctest */ = {isa = PBXFileReference; explicitFileType = wrapper.cfbundle; includeInIndex = 0; path = SpectraiOSSpec.xctest; sourceTree = BUILT_PRODUCTS_DIR; };
		43EAF8411C0A2FF500EA2B30 /* Spectra_iOSTests.swift */ = {isa = PBXFileReference; lastKnownFileType = sourcecode.swift; path = Spectra_iOSTests.swift; sourceTree = "<group>"; };
		43EAF8431C0A2FF500EA2B30 /* Info.plist */ = {isa = PBXFileReference; lastKnownFileType = text.plist.xml; path = Info.plist; sourceTree = "<group>"; };
/* End PBXFileReference section */

/* Begin PBXFrameworksBuildPhase section */
		4338B8CB1C18DC92007D3DF6 /* Frameworks */ = {
			isa = PBXFrameworksBuildPhase;
			buildActionMask = 2147483647;
			files = (
				4317EA441C8C4A3E0019B2E2 /* Spectra.framework in Frameworks */,
				4317EA4B1C8C4A4A0019B2E2 /* Fuzi.framework in Frameworks */,
				4317EA491C8C4A450019B2E2 /* Swinject.framework in Frameworks */,
			);
			runOnlyForDeploymentPostprocessing = 0;
		};
		43EAF82E1C0A2FF500EA2B30 /* Frameworks */ = {
			isa = PBXFrameworksBuildPhase;
			buildActionMask = 2147483647;
			files = (
				4317EA151C8C23BD0019B2E2 /* Foundation.framework in Frameworks */,
				4317EA121C8C23B90019B2E2 /* Metal.framework in Frameworks */,
				4317EA131C8C23B90019B2E2 /* MetalKit.framework in Frameworks */,
				4317EA0F1C8C23B20019B2E2 /* ModelIO.framework in Frameworks */,
				4317EA0C1C8C23AD0019B2E2 /* Fuzi.framework in Frameworks */,
				4317EA0D1C8C23AD0019B2E2 /* Swinject.framework in Frameworks */,
			);
			runOnlyForDeploymentPostprocessing = 0;
		};
		43EAF8391C0A2FF500EA2B30 /* Frameworks */ = {
			isa = PBXFrameworksBuildPhase;
			buildActionMask = 2147483647;
			files = (
				4317EA1E1C8C31940019B2E2 /* Nimble.framework in Frameworks */,
				4317EA1F1C8C31940019B2E2 /* Quick.framework in Frameworks */,
			);
			runOnlyForDeploymentPostprocessing = 0;
		};
/* End PBXFrameworksBuildPhase section */

/* Begin PBXGroup section */
		431735C01C0CD9FF00681C8E /* Spectra */ = {
			isa = PBXGroup;
			children = (
				4338B81E1C18B39A007D3DF6 /* Common */,
			);
			name = Spectra;
			path = ../../Spectra;
			sourceTree = "<group>";
		};
		4317E9E81C8BC2000019B2E2 /* Textures */ = {
			isa = PBXGroup;
			children = (
				4317E9E71C8BC2000019B2E2 /* TextureGenerator.swift */,
				43BDD45E1C8EDEAF00AEFA9E /* ModelIOTextureGenerators.swift */,
			);
			path = Textures;
			sourceTree = "<group>";
		};
		4334D67D1C1F5E7700D2DCA6 /* SpectraExampleResources */ = {
			isa = PBXGroup;
			children = (
				43C472931C8F0C0600F90CED /* Models */,
				43C472951C8F0C0600F90CED /* Textures */,
				43C472971C8F0C0600F90CED /* MetalXML */,
				43C4729A1C8F0C0600F90CED /* SpectraXML */,
				4334D67C1C1F5E7700D2DCA6 /* BasicShaders.metal */,
			);
			name = SpectraExampleResources;
			path = ../../SpectraExampleResources;
			sourceTree = "<group>";
		};
		4334D6DE1C1FAF2B00D2DCA6 /* Specs */ = {
			isa = PBXGroup;
			children = (
			);
			path = Specs;
			sourceTree = "<group>";
		};
		4334D6E11C1FAF4E00D2DCA6 /* MeshGenerators */ = {
			isa = PBXGroup;
			children = (
				4317E9D41C8BADE40019B2E2 /* PlatonicSolidMeshGeneratorsSpec.swift */,
				4317E9D51C8BADE40019B2E2 /* ModelIOMeshGeneratorsSpec.swift */,
				4317E9D61C8BADE40019B2E2 /* RandomMeshGeneratorsSpec.swift */,
				4317E9D71C8BADE40019B2E2 /* BasicTessellationMeshGeneratorsSpec.swift */,
			);
			path = MeshGenerators;
			sourceTree = "<group>";
		};
		4334D6E51C1FAF4E00D2DCA6 /* CommonSpecs */ = {
			isa = PBXGroup;
			children = (
				43D40E1D1C923B9600DB35D3 /* SpectraXML */,
				43BDD45C1C8ED64800AEFA9E /* Textures */,
				4334D6E11C1FAF4E00D2DCA6 /* MeshGenerators */,
				4388340F1C9391DF0098D71A /* Submeshes */,
				4334D6E21C1FAF4E00D2DCA6 /* MetalNodeSpec.swift */,
				43D4FDD11C7C3E9D004E2CF7 /* SpectraXMLSpec.swift */,
				43AC4EFA1C941F220006F4B5 /* AssetManagerSpec.swift */,
				43AC4EFB1C941F220006F4B5 /* SpectraSharedExamples.swift */,
			);
			name = CommonSpecs;
			path = ../../SpectraTests;
			sourceTree = "<group>";
		};
		4338B7CA1C18B116007D3DF6 /* Resources */ = {
			isa = PBXGroup;
			children = (
				43C472681C8F0B4B00F90CED /* SpectraXML */,
				43C4726A1C8F0B4B00F90CED /* MetalXML */,
				43C4726C1C8F0B4B00F90CED /* Textures */,
				43C4726E1C8F0B4B00F90CED /* Models */,
			);
			name = Resources;
			sourceTree = "<group>";
		};
		4338B7FE1C18B39A007D3DF6 /* MetalXML */ = {
			isa = PBXGroup;
			children = (
				4338B7FA1C18B39A007D3DF6 /* MetalParser.swift */,
				4338B7FB1C18B39A007D3DF6 /* MetalNodes.swift */,
				4338B7FD1C18B39A007D3DF6 /* StateManager.swift */,
			);
			path = MetalXML;
			sourceTree = "<group>";
		};
		4338B8091C18B39A007D3DF6 /* Node */ = {
			isa = PBXGroup;
			children = (
				43D4FDD51C7C5044004E2CF7 /* SpectraXML.swift */,
				4338B7FF1C18B39A007D3DF6 /* Camable.swift */,
				4338B8001C18B39A007D3DF6 /* Mesh.swift */,
				4338B8011C18B39A007D3DF6 /* Modelable.swift */,
				4338B8021C18B39A007D3DF6 /* Node.swift */,
				4338B8031C18B39A007D3DF6 /* NodeResource.swift */,
				4338B8041C18B39A007D3DF6 /* Perspectable.swift */,
				4338B8051C18B39A007D3DF6 /* SceneGraph.swift */,
				4338B8061C18B39A007D3DF6 /* Uniformable.swift */,
				4338B8071C18B39A007D3DF6 /* Vertexable.swift */,
				4338B8081C18B39A007D3DF6 /* WorldView.swift */,
			);
			path = Node;
			sourceTree = "<group>";
		};
		4338B8101C18B39A007D3DF6 /* Meshes */ = {
			isa = PBXGroup;
			children = (
				43719B361C88FEDF00C14D56 /* ArchimedeanSolids.swift */,
				4338B80C1C18B39A007D3DF6 /* MeshGenerator.swift */,
				4338B80D1C18B39A007D3DF6 /* PlatonicSolids.swift */,
				4317E9C81C8BAD360019B2E2 /* ModelIOMeshGenerators.swift */,
				4317E9C91C8BAD360019B2E2 /* RandomMeshGenerators.swift */,
				4317E9CA1C8BAD360019B2E2 /* BasicTessellation.swift */,
			);
			path = Meshes;
			sourceTree = "<group>";
		};
		4338B81C1C18B39A007D3DF6 /* Classes */ = {
			isa = PBXGroup;
			children = (
				4338B8111C18B39A007D3DF6 /* BufferPool.swift */,
				4338B8121C18B39A007D3DF6 /* BufferTexture.swift */,
				4338B8131C18B39A007D3DF6 /* EncodableData.swift */,
				4338B8141C18B39A007D3DF6 /* InflightResourceManager.swift */,
				4338B8151C18B39A007D3DF6 /* PipelineGenerator.swift */,
				4338B8161C18B39A007D3DF6 /* Renderer.swift */,
				4338B8171C18B39A007D3DF6 /* RenderStage.swift */,
				4338B8181C18B39A007D3DF6 /* RenderStrategy.swift */,
				4338B8191C18B39A007D3DF6 /* Scene.swift */,
				4338B81A1C18B39A007D3DF6 /* Transform3D.swift */,
				4338B81B1C18B39A007D3DF6 /* View.swift */,
			);
			path = Classes;
			sourceTree = "<group>";
		};
		4338B81E1C18B39A007D3DF6 /* Common */ = {
			isa = PBXGroup;
			children = (
				43D40E081C90880F00DB35D3 /* SpectraXML */,
				437D18F81C8EB1EA00C70975 /* Resources */,
				4338B7FE1C18B39A007D3DF6 /* MetalXML */,
				4338B8091C18B39A007D3DF6 /* Node */,
				4338B8101C18B39A007D3DF6 /* Meshes */,
				4388340C1C9391170098D71A /* Submeshes */,
				437D18F21C8CF26000C70975 /* Lighting */,
				4317E9E81C8BC2000019B2E2 /* Textures */,
				4338B81C1C18B39A007D3DF6 /* Classes */,
				4338B81D1C18B39A007D3DF6 /* Spectra.swift */,
			);
			name = Common;
			sourceTree = "<group>";
		};
		4338B8CF1C18DC92007D3DF6 /* Spectra-iOSExample */ = {
			isa = PBXGroup;
			children = (
				4334D67D1C1F5E7700D2DCA6 /* SpectraExampleResources */,
				4338B8D01C18DC92007D3DF6 /* AppDelegate.swift */,
				4338B8D21C18DC92007D3DF6 /* ViewController.swift */,
				4338B8D41C18DC92007D3DF6 /* Main.storyboard */,
				4338B8D71C18DC92007D3DF6 /* Assets.xcassets */,
				4338B8D91C18DC92007D3DF6 /* LaunchScreen.storyboard */,
				4338B8DC1C18DC92007D3DF6 /* Info.plist */,
			);
			path = "Spectra-iOSExample";
			sourceTree = "<group>";
		};
		437D18F21C8CF26000C70975 /* Lighting */ = {
			isa = PBXGroup;
			children = (
				437D18F11C8CF26000C70975 /* LightGenerator.swift */,
			);
			path = Lighting;
			sourceTree = "<group>";
		};
		437D18F81C8EB1EA00C70975 /* Resources */ = {
			isa = PBXGroup;
			children = (
				437D18F71C8EB1EA00C70975 /* BufferAllocatorGenerator.swift */,
			);
			name = Resources;
			path = ..;
			sourceTree = "<group>";
		};
		4388340C1C9391170098D71A /* Submeshes */ = {
			isa = PBXGroup;
			children = (
				4388340B1C9391170098D71A /* SubmeshGenerator.swift */,
				438834181C9393930098D71A /* BasicSubmeshGenerators.swift */,
			);
			path = Submeshes;
			sourceTree = "<group>";
		};
		4388340F1C9391DF0098D71A /* Submeshes */ = {
			isa = PBXGroup;
			children = (
				4388340E1C9391DF0098D71A /* BasicSubmeshGeneratorsSpec.swift */,
			);
			path = Submeshes;
			sourceTree = "<group>";
		};
		43BDD45C1C8ED64800AEFA9E /* Textures */ = {
			isa = PBXGroup;
			children = (
				43BDD45B1C8ED64800AEFA9E /* ModelIOTextureGeneratorsSpec.swift */,
			);
			path = Textures;
			sourceTree = "<group>";
		};
		43C472681C8F0B4B00F90CED /* SpectraXML */ = {
			isa = PBXGroup;
			children = (
				43C472661C8F0B4B00F90CED /* ModelIOMeshGeneratorsSpec.xml */,
				43C472671C8F0B4B00F90CED /* ModelIOTextureGeneratorsSpec.xml */,
				435C270E1C8F6F0000CEEFD0 /* SpectraXMLSpec.xml */,
			);
			name = SpectraXML;
			path = ../../SpectraTestsResources/SpectraXML;
			sourceTree = "<group>";
		};
		43C4726A1C8F0B4B00F90CED /* MetalXML */ = {
			isa = PBXGroup;
			children = (
				43C472691C8F0B4B00F90CED /* MetalXMLTest.xml */,
			);
			name = MetalXML;
			path = ../../SpectraTestsResources/MetalXML;
			sourceTree = "<group>";
		};
		43C4726C1C8F0B4B00F90CED /* Textures */ = {
			isa = PBXGroup;
			children = (
				43C4726B1C8F0B4B00F90CED /* defaultTexture.jpg */,
			);
			name = Textures;
			path = ../../SpectraTestsResources/Textures;
			sourceTree = "<group>";
		};
		43C4726E1C8F0B4B00F90CED /* Models */ = {
			isa = PBXGroup;
			children = (
				43C4726D1C8F0B4B00F90CED /* pencil.obj */,
			);
			name = Models;
			path = ../../SpectraTestsResources/Models;
			sourceTree = "<group>";
		};
		43C472931C8F0C0600F90CED /* Models */ = {
			isa = PBXGroup;
			children = (
			);
			path = Models;
			sourceTree = "<group>";
		};
		43C472951C8F0C0600F90CED /* Textures */ = {
			isa = PBXGroup;
			children = (
				43C472941C8F0C0600F90CED /* defaultTexture.jpg */,
			);
			path = Textures;
			sourceTree = "<group>";
		};
		43C472971C8F0C0600F90CED /* MetalXML */ = {
			isa = PBXGroup;
			children = (
				43C472961C8F0C0600F90CED /* DefaultPipeline.xml */,
			);
			path = MetalXML;
			sourceTree = "<group>";
		};
		43C4729A1C8F0C0600F90CED /* SpectraXML */ = {
			isa = PBXGroup;
			children = (
				43C472981C8F0C0600F90CED /* Cube.xml */,
				43C472991C8F0C0600F90CED /* DefaultWorld.xml */,
			);
			path = SpectraXML;
			sourceTree = "<group>";
		};
		43D40E081C90880F00DB35D3 /* SpectraXML */ = {
			isa = PBXGroup;
			children = (
				43D40E051C90880F00DB35D3 /* Nodes.swift */,
				43D40E061C90880F00DB35D3 /* Parser.swift */,
				43D40E071C90880F00DB35D3 /* XSD.swift */,
			);
			path = SpectraXML;
			sourceTree = "<group>";
		};
		43D40E1D1C923B9600DB35D3 /* SpectraXML */ = {
			isa = PBXGroup;
			children = (
				43D40E1A1C923B9600DB35D3 /* XSDSpec.swift */,
				43D40E1B1C923B9600DB35D3 /* NodesSpec.swift */,
				43D40E1C1C923B9600DB35D3 /* ParserSpec.swift */,
			);
			name = SpectraXML;
			path = ../Spectra/SpectraXML;
			sourceTree = "<group>";
		};
		43EAF8281C0A2FF500EA2B30 = {
			isa = PBXGroup;
			children = (
				4317EA1C1C8C31940019B2E2 /* Nimble.framework */,
				4317EA1D1C8C31940019B2E2 /* Quick.framework */,
				4317EA141C8C23BD0019B2E2 /* Foundation.framework */,
				4317EA101C8C23B90019B2E2 /* Metal.framework */,
				4317EA111C8C23B90019B2E2 /* MetalKit.framework */,
				4317EA0E1C8C23B20019B2E2 /* ModelIO.framework */,
				4317EA0A1C8C23AD0019B2E2 /* Fuzi.framework */,
				4317EA0B1C8C23AD0019B2E2 /* Swinject.framework */,
				43EAF8341C0A2FF500EA2B30 /* Spectra-iOS */,
				43EAF8401C0A2FF500EA2B30 /* Spectra-iOSTests */,
				4338B8CF1C18DC92007D3DF6 /* Spectra-iOSExample */,
				43EAF8331C0A2FF500EA2B30 /* Products */,
			);
			sourceTree = "<group>";
		};
		43EAF8331C0A2FF500EA2B30 /* Products */ = {
			isa = PBXGroup;
			children = (
				43EAF8321C0A2FF500EA2B30 /* Spectra.framework */,
				43EAF83C1C0A2FF500EA2B30 /* SpectraiOSSpec.xctest */,
				4338B8CE1C18DC92007D3DF6 /* Spectra-iOSExample.app */,
			);
			name = Products;
			sourceTree = "<group>";
		};
		43EAF8341C0A2FF500EA2B30 /* Spectra-iOS */ = {
			isa = PBXGroup;
			children = (
				4334D6891C1F6ECA00D2DCA6 /* Spectra3D.xsd */,
				43D4FDCB1C7B745F004E2CF7 /* SpectraEnums.xsd */,
				43719B321C8808F900C14D56 /* MetalEnums.xsd */,
				431735C01C0CD9FF00681C8E /* Spectra */,
				43EAF8351C0A2FF500EA2B30 /* Spectra-iOS.h */,
				43EAF8371C0A2FF500EA2B30 /* Info.plist */,
			);
			path = "Spectra-iOS";
			sourceTree = "<group>";
		};
		43EAF8401C0A2FF500EA2B30 /* Spectra-iOSTests */ = {
			isa = PBXGroup;
			children = (
				4334D6E51C1FAF4E00D2DCA6 /* CommonSpecs */,
				4334D6DE1C1FAF2B00D2DCA6 /* Specs */,
				4338B7CA1C18B116007D3DF6 /* Resources */,
				43EAF8411C0A2FF500EA2B30 /* Spectra_iOSTests.swift */,
				43EAF8431C0A2FF500EA2B30 /* Info.plist */,
			);
			path = "Spectra-iOSTests";
			sourceTree = "<group>";
		};
/* End PBXGroup section */

/* Begin PBXHeadersBuildPhase section */
		43EAF82F1C0A2FF500EA2B30 /* Headers */ = {
			isa = PBXHeadersBuildPhase;
			buildActionMask = 2147483647;
			files = (
				43EAF8361C0A2FF500EA2B30 /* Spectra-iOS.h in Headers */,
			);
			runOnlyForDeploymentPostprocessing = 0;
		};
/* End PBXHeadersBuildPhase section */

/* Begin PBXNativeTarget section */
		4338B8CD1C18DC92007D3DF6 /* Spectra-iOSExample */ = {
			isa = PBXNativeTarget;
			buildConfigurationList = 4338B8DD1C18DC92007D3DF6 /* Build configuration list for PBXNativeTarget "Spectra-iOSExample" */;
			buildPhases = (
				4338B8CA1C18DC92007D3DF6 /* Sources */,
				4338B8CB1C18DC92007D3DF6 /* Frameworks */,
				4338B8CC1C18DC92007D3DF6 /* Resources */,
				4338B8E41C18F24D007D3DF6 /* Copy Carthage Frameworks */,
				4317EA481C8C4A3F0019B2E2 /* Embed Frameworks */,
			);
			buildRules = (
			);
			dependencies = (
				4317EA471C8C4A3E0019B2E2 /* PBXTargetDependency */,
			);
			name = "Spectra-iOSExample";
			productName = "Spectra-iOSExample";
			productReference = 4338B8CE1C18DC92007D3DF6 /* Spectra-iOSExample.app */;
			productType = "com.apple.product-type.application";
		};
		43EAF8311C0A2FF500EA2B30 /* SpectraiOS */ = {
			isa = PBXNativeTarget;
			buildConfigurationList = 43EAF8461C0A2FF500EA2B30 /* Build configuration list for PBXNativeTarget "SpectraiOS" */;
			buildPhases = (
				43EAF82D1C0A2FF500EA2B30 /* Sources */,
				43EAF82E1C0A2FF500EA2B30 /* Frameworks */,
				43EAF82F1C0A2FF500EA2B30 /* Headers */,
				43EAF8301C0A2FF500EA2B30 /* Resources */,
			);
			buildRules = (
			);
			dependencies = (
			);
			name = SpectraiOS;
			productName = "Spectra-iOS";
			productReference = 43EAF8321C0A2FF500EA2B30 /* Spectra.framework */;
			productType = "com.apple.product-type.framework";
		};
		43EAF83B1C0A2FF500EA2B30 /* SpectraiOSTests */ = {
			isa = PBXNativeTarget;
			buildConfigurationList = 43EAF8491C0A2FF500EA2B30 /* Build configuration list for PBXNativeTarget "SpectraiOSTests" */;
			buildPhases = (
				43EAF8381C0A2FF500EA2B30 /* Sources */,
				43EAF8391C0A2FF500EA2B30 /* Frameworks */,
				43EAF83A1C0A2FF500EA2B30 /* Resources */,
				4371E8721C190500001D1C39 /* Copy Quick/Nimble Frameworks */,
			);
			buildRules = (
			);
			dependencies = (
				4338B8881C18BEAA007D3DF6 /* PBXTargetDependency */,
				4334D6871C1F6C5800D2DCA6 /* PBXTargetDependency */,
			);
			name = SpectraiOSTests;
			productName = "Spectra-iOSTests";
			productReference = 43EAF83C1C0A2FF500EA2B30 /* SpectraiOSSpec.xctest */;
			productType = "com.apple.product-type.bundle.unit-test";
		};
/* End PBXNativeTarget section */

/* Begin PBXProject section */
		43EAF8291C0A2FF500EA2B30 /* Project object */ = {
			isa = PBXProject;
			attributes = {
				LastSwiftUpdateCheck = 0710;
				LastUpgradeCheck = 0710;
				ORGANIZATIONNAME = Spectra;
				TargetAttributes = {
					4338B8CD1C18DC92007D3DF6 = {
						CreatedOnToolsVersion = 7.1.1;
					};
					43EAF8311C0A2FF500EA2B30 = {
						CreatedOnToolsVersion = 7.1.1;
					};
					43EAF83B1C0A2FF500EA2B30 = {
						CreatedOnToolsVersion = 7.1.1;
						TestTargetID = 4338B8CD1C18DC92007D3DF6;
					};
				};
			};
			buildConfigurationList = 43EAF82C1C0A2FF500EA2B30 /* Build configuration list for PBXProject "SpectraiOS" */;
			compatibilityVersion = "Xcode 3.2";
			developmentRegion = English;
			hasScannedForEncodings = 0;
			knownRegions = (
				en,
				Base,
			);
			mainGroup = 43EAF8281C0A2FF500EA2B30;
			productRefGroup = 43EAF8331C0A2FF500EA2B30 /* Products */;
			projectDirPath = "";
			projectRoot = "";
			targets = (
				43EAF8311C0A2FF500EA2B30 /* SpectraiOS */,
				43EAF83B1C0A2FF500EA2B30 /* SpectraiOSTests */,
				4338B8CD1C18DC92007D3DF6 /* Spectra-iOSExample */,
			);
		};
/* End PBXProject section */

/* Begin PBXResourcesBuildPhase section */
		4338B8CC1C18DC92007D3DF6 /* Resources */ = {
			isa = PBXResourcesBuildPhase;
			buildActionMask = 2147483647;
			files = (
				4338B8DB1C18DC92007D3DF6 /* LaunchScreen.storyboard in Resources */,
				43C4729C1C8F0C0600F90CED /* DefaultPipeline.xml in Resources */,
				4338B8D81C18DC92007D3DF6 /* Assets.xcassets in Resources */,
				4338B8D61C18DC92007D3DF6 /* Main.storyboard in Resources */,
				43C4729E1C8F0C0600F90CED /* DefaultWorld.xml in Resources */,
				43C4729D1C8F0C0600F90CED /* Cube.xml in Resources */,
				43C4729B1C8F0C0600F90CED /* defaultTexture.jpg in Resources */,
			);
			runOnlyForDeploymentPostprocessing = 0;
		};
		43EAF8301C0A2FF500EA2B30 /* Resources */ = {
			isa = PBXResourcesBuildPhase;
			buildActionMask = 2147483647;
			files = (
				4334D68E1C1F6EF600D2DCA6 /* Spectra3D.xsd in Resources */,
				43719B331C8808F900C14D56 /* MetalEnums.xsd in Resources */,
				43D4FDCC1C7B745F004E2CF7 /* SpectraEnums.xsd in Resources */,
				43C472711C8F0B4B00F90CED /* MetalXMLTest.xml in Resources */,
			);
			runOnlyForDeploymentPostprocessing = 0;
		};
		43EAF83A1C0A2FF500EA2B30 /* Resources */ = {
			isa = PBXResourcesBuildPhase;
			buildActionMask = 2147483647;
			files = (
				43C472781C8F0B6C00F90CED /* ModelIOTextureGeneratorsSpec.xml in Resources */,
				435C270F1C8F6F0000CEEFD0 /* SpectraXMLSpec.xml in Resources */,
				43C472741C8F0B5700F90CED /* pencil.obj in Resources */,
				43C472761C8F0B6400F90CED /* MetalXMLTest.xml in Resources */,
				43C472751C8F0B5F00F90CED /* defaultTexture.jpg in Resources */,
				43C472771C8F0B6C00F90CED /* ModelIOMeshGeneratorsSpec.xml in Resources */,
			);
			runOnlyForDeploymentPostprocessing = 0;
		};
/* End PBXResourcesBuildPhase section */

/* Begin PBXShellScriptBuildPhase section */
		4338B8E41C18F24D007D3DF6 /* Copy Carthage Frameworks */ = {
			isa = PBXShellScriptBuildPhase;
			buildActionMask = 2147483647;
			files = (
			);
			inputPaths = (
				"$(SRCROOT)/../Carthage/Build/iOS/Fuzi.framework",
				"$(SRCROOT)/../Carthage/Build/iOS/Swinject.framework",
			);
			name = "Copy Carthage Frameworks";
			outputPaths = (
			);
			runOnlyForDeploymentPostprocessing = 0;
			shellPath = /bin/sh;
			shellScript = "/usr/local/bin/carthage copy-frameworks";
		};
/* End PBXShellScriptBuildPhase section */

/* Begin PBXSourcesBuildPhase section */
		4338B8CA1C18DC92007D3DF6 /* Sources */ = {
			isa = PBXSourcesBuildPhase;
			buildActionMask = 2147483647;
			files = (
				4338B8D31C18DC92007D3DF6 /* ViewController.swift in Sources */,
				4338B8D11C18DC92007D3DF6 /* AppDelegate.swift in Sources */,
				4334D67E1C1F5E7700D2DCA6 /* BasicShaders.metal in Sources */,
			);
			runOnlyForDeploymentPostprocessing = 0;
		};
		43EAF82D1C0A2FF500EA2B30 /* Sources */ = {
			isa = PBXSourcesBuildPhase;
			buildActionMask = 2147483647;
			files = (
				4371E8A71C190957001D1C39 /* Uniformable.swift in Sources */,
				4371E8A01C190957001D1C39 /* Camable.swift in Sources */,
				437D18F31C8CF26000C70975 /* LightGenerator.swift in Sources */,
				4317E9CB1C8BAD360019B2E2 /* ModelIOMeshGenerators.swift in Sources */,
				4371E8A81C190957001D1C39 /* Vertexable.swift in Sources */,
				4371E8A31C190957001D1C39 /* Node.swift in Sources */,
				438834191C9393930098D71A /* BasicSubmeshGenerators.swift in Sources */,
				4371E8A21C190957001D1C39 /* Modelable.swift in Sources */,
				4371E8B61C190960001D1C39 /* RenderStage.swift in Sources */,
				437D18F91C8EB1EA00C70975 /* BufferAllocatorGenerator.swift in Sources */,
				43D4FDD61C7C5044004E2CF7 /* SpectraXML.swift in Sources */,
				4371E8A51C190957001D1C39 /* Perspectable.swift in Sources */,
				4371E8B21C190960001D1C39 /* EncodableData.swift in Sources */,
				4371E89D1C190952001D1C39 /* MetalNodes.swift in Sources */,
				43D40E091C90880F00DB35D3 /* Nodes.swift in Sources */,
				4371E8AC1C19095C001D1C39 /* MeshGenerator.swift in Sources */,
				4371E8A41C190957001D1C39 /* NodeResource.swift in Sources */,
				4371E8B11C190960001D1C39 /* BufferTexture.swift in Sources */,
				43D40E0A1C90880F00DB35D3 /* Parser.swift in Sources */,
				4317E9CC1C8BAD360019B2E2 /* RandomMeshGenerators.swift in Sources */,
				4317E9E91C8BC2000019B2E2 /* TextureGenerator.swift in Sources */,
				4371E8B71C190960001D1C39 /* RenderStrategy.swift in Sources */,
				4371E8A11C190957001D1C39 /* Mesh.swift in Sources */,
				4371E89C1C190952001D1C39 /* MetalParser.swift in Sources */,
				4371E8B41C190960001D1C39 /* PipelineGenerator.swift in Sources */,
				4388340D1C9391170098D71A /* SubmeshGenerator.swift in Sources */,
				4371E89F1C190952001D1C39 /* StateManager.swift in Sources */,
				4371E8B51C190960001D1C39 /* Renderer.swift in Sources */,
				4371E8BB1C190980001D1C39 /* Spectra.swift in Sources */,
				4371E8BA1C190960001D1C39 /* View.swift in Sources */,
				43719B371C88FEDF00C14D56 /* ArchimedeanSolids.swift in Sources */,
				4371E8B31C190960001D1C39 /* InflightResourceManager.swift in Sources */,
				43BDD45F1C8EDEAF00AEFA9E /* ModelIOTextureGenerators.swift in Sources */,
				4371E8B01C190960001D1C39 /* BufferPool.swift in Sources */,
				4371E8B81C190960001D1C39 /* Scene.swift in Sources */,
				4371E8A91C190957001D1C39 /* WorldView.swift in Sources */,
				43D40E0B1C90880F00DB35D3 /* XSD.swift in Sources */,
				4371E8A61C190957001D1C39 /* SceneGraph.swift in Sources */,
				4371E8AD1C19095C001D1C39 /* PlatonicSolids.swift in Sources */,
				4371E8B91C190960001D1C39 /* Transform3D.swift in Sources */,
				4317E9CD1C8BAD360019B2E2 /* BasicTessellation.swift in Sources */,
			);
			runOnlyForDeploymentPostprocessing = 0;
		};
		43EAF8381C0A2FF500EA2B30 /* Sources */ = {
			isa = PBXSourcesBuildPhase;
			buildActionMask = 2147483647;
			files = (
				43AC4EFD1C941F220006F4B5 /* SpectraSharedExamples.swift in Sources */,
				43AC4EFC1C941F220006F4B5 /* AssetManagerSpec.swift in Sources */,
				43EAF8421C0A2FF500EA2B30 /* Spectra_iOSTests.swift in Sources */,
				43D40E1E1C923B9600DB35D3 /* XSDSpec.swift in Sources */,
				43D4FDD21C7C3E9D004E2CF7 /* SpectraXMLSpec.swift in Sources */,
				4334D6E71C1FAF4E00D2DCA6 /* MetalNodeSpec.swift in Sources */,
				43D40E201C923B9600DB35D3 /* ParserSpec.swift in Sources */,
				4317EA291C8C36E10019B2E2 /* RandomMeshGeneratorsSpec.swift in Sources */,
				438834111C9391E60098D71A /* BasicSubmeshGeneratorsSpec.swift in Sources */,
				4317EA281C8C36DD0019B2E2 /* ModelIOMeshGeneratorsSpec.swift in Sources */,
				43BDD4601C8EDEBD00AEFA9E /* ModelIOTextureGeneratorsSpec.swift in Sources */,
				43D40E1F1C923B9600DB35D3 /* NodesSpec.swift in Sources */,
				4317EA2A1C8C36E60019B2E2 /* BasicTessellationMeshGeneratorsSpec.swift in Sources */,
				4317EA271C8C36D70019B2E2 /* PlatonicSolidMeshGeneratorsSpec.swift in Sources */,
			);
			runOnlyForDeploymentPostprocessing = 0;
		};
/* End PBXSourcesBuildPhase section */

/* Begin PBXTargetDependency section */
		4317EA471C8C4A3E0019B2E2 /* PBXTargetDependency */ = {
			isa = PBXTargetDependency;
			target = 43EAF8311C0A2FF500EA2B30 /* SpectraiOS */;
			targetProxy = 4317EA461C8C4A3E0019B2E2 /* PBXContainerItemProxy */;
		};
		4334D6871C1F6C5800D2DCA6 /* PBXTargetDependency */ = {
			isa = PBXTargetDependency;
			target = 4338B8CD1C18DC92007D3DF6 /* Spectra-iOSExample */;
			targetProxy = 4334D6861C1F6C5800D2DCA6 /* PBXContainerItemProxy */;
		};
		4338B8881C18BEAA007D3DF6 /* PBXTargetDependency */ = {
			isa = PBXTargetDependency;
			target = 43EAF8311C0A2FF500EA2B30 /* SpectraiOS */;
			targetProxy = 4338B8871C18BEAA007D3DF6 /* PBXContainerItemProxy */;
		};
/* End PBXTargetDependency section */

/* Begin PBXVariantGroup section */
		4338B8D41C18DC92007D3DF6 /* Main.storyboard */ = {
			isa = PBXVariantGroup;
			children = (
				4338B8D51C18DC92007D3DF6 /* Base */,
			);
			name = Main.storyboard;
			sourceTree = "<group>";
		};
		4338B8D91C18DC92007D3DF6 /* LaunchScreen.storyboard */ = {
			isa = PBXVariantGroup;
			children = (
				4338B8DA1C18DC92007D3DF6 /* Base */,
			);
			name = LaunchScreen.storyboard;
			sourceTree = "<group>";
		};
/* End PBXVariantGroup section */

/* Begin XCBuildConfiguration section */
		4338B8DE1C18DC92007D3DF6 /* Debug */ = {
			isa = XCBuildConfiguration;
			buildSettings = {
				ASSETCATALOG_COMPILER_APPICON_NAME = AppIcon;
				CODE_SIGN_IDENTITY = "iPhone Developer";
				EMBEDDED_CONTENT_CONTAINS_SWIFT = YES;
				FRAMEWORK_SEARCH_PATHS = "$(PROJECT_DIR)/../Carthage/Build/iOS";
				HEADER_SEARCH_PATHS = "$(SDKROOT)/usr/include/libxml2";
				INFOPLIST_FILE = "Spectra-iOSExample/Info.plist";
				IPHONEOS_DEPLOYMENT_TARGET = 9.2;
				LD_RUNPATH_SEARCH_PATHS = "$(inherited) @executable_path/Frameworks";
				PRODUCT_BUNDLE_IDENTIFIER = "com.spectra.Spectra-iOSExample";
				PRODUCT_NAME = "$(TARGET_NAME)";
				USE_HEADERMAP = YES;
			};
			name = Debug;
		};
		4338B8DF1C18DC92007D3DF6 /* Release */ = {
			isa = XCBuildConfiguration;
			buildSettings = {
				ASSETCATALOG_COMPILER_APPICON_NAME = AppIcon;
				CODE_SIGN_IDENTITY = "iPhone Developer";
				EMBEDDED_CONTENT_CONTAINS_SWIFT = YES;
				FRAMEWORK_SEARCH_PATHS = "$(PROJECT_DIR)/../Carthage/Build/iOS";
				HEADER_SEARCH_PATHS = "$(SDKROOT)/usr/include/libxml2";
				INFOPLIST_FILE = "Spectra-iOSExample/Info.plist";
				IPHONEOS_DEPLOYMENT_TARGET = 9.2;
				LD_RUNPATH_SEARCH_PATHS = "$(inherited) @executable_path/Frameworks";
				PRODUCT_BUNDLE_IDENTIFIER = "com.spectra.Spectra-iOSExample";
				PRODUCT_NAME = "$(TARGET_NAME)";
				USE_HEADERMAP = YES;
			};
			name = Release;
		};
		43EAF8441C0A2FF500EA2B30 /* Debug */ = {
			isa = XCBuildConfiguration;
			buildSettings = {
				ALWAYS_SEARCH_USER_PATHS = NO;
				CLANG_CXX_LANGUAGE_STANDARD = "gnu++0x";
				CLANG_CXX_LIBRARY = "libc++";
				CLANG_ENABLE_MODULES = YES;
				CLANG_ENABLE_OBJC_ARC = YES;
				CLANG_WARN_BOOL_CONVERSION = YES;
				CLANG_WARN_CONSTANT_CONVERSION = YES;
				CLANG_WARN_DIRECT_OBJC_ISA_USAGE = YES_ERROR;
				CLANG_WARN_EMPTY_BODY = YES;
				CLANG_WARN_ENUM_CONVERSION = YES;
				CLANG_WARN_INT_CONVERSION = YES;
				CLANG_WARN_OBJC_ROOT_CLASS = YES_ERROR;
				CLANG_WARN_UNREACHABLE_CODE = YES;
				CLANG_WARN__DUPLICATE_METHOD_MATCH = YES;
				"CODE_SIGN_IDENTITY[sdk=iphoneos*]" = "iPhone Developer";
				COPY_PHASE_STRIP = NO;
				CURRENT_PROJECT_VERSION = 1;
				DEBUG_INFORMATION_FORMAT = dwarf;
				ENABLE_STRICT_OBJC_MSGSEND = YES;
				ENABLE_TESTABILITY = YES;
				GCC_C_LANGUAGE_STANDARD = gnu99;
				GCC_DYNAMIC_NO_PIC = NO;
				GCC_NO_COMMON_BLOCKS = YES;
				GCC_OPTIMIZATION_LEVEL = 0;
				GCC_PREPROCESSOR_DEFINITIONS = (
					"DEBUG=1",
					"$(inherited)",
				);
				GCC_WARN_64_TO_32_BIT_CONVERSION = YES;
				GCC_WARN_ABOUT_RETURN_TYPE = YES_ERROR;
				GCC_WARN_UNDECLARED_SELECTOR = YES;
				GCC_WARN_UNINITIALIZED_AUTOS = YES_AGGRESSIVE;
				GCC_WARN_UNUSED_FUNCTION = YES;
				GCC_WARN_UNUSED_VARIABLE = YES;
				IPHONEOS_DEPLOYMENT_TARGET = 9.2;
				MTL_ENABLE_DEBUG_INFO = YES;
				ONLY_ACTIVE_ARCH = YES;
				SDKROOT = iphoneos;
				SWIFT_OPTIMIZATION_LEVEL = "-Onone";
				TARGETED_DEVICE_FAMILY = "1,2";
				VERSIONING_SYSTEM = "apple-generic";
				VERSION_INFO_PREFIX = "";
			};
			name = Debug;
		};
		43EAF8451C0A2FF500EA2B30 /* Release */ = {
			isa = XCBuildConfiguration;
			buildSettings = {
				ALWAYS_SEARCH_USER_PATHS = NO;
				CLANG_CXX_LANGUAGE_STANDARD = "gnu++0x";
				CLANG_CXX_LIBRARY = "libc++";
				CLANG_ENABLE_MODULES = YES;
				CLANG_ENABLE_OBJC_ARC = YES;
				CLANG_WARN_BOOL_CONVERSION = YES;
				CLANG_WARN_CONSTANT_CONVERSION = YES;
				CLANG_WARN_DIRECT_OBJC_ISA_USAGE = YES_ERROR;
				CLANG_WARN_EMPTY_BODY = YES;
				CLANG_WARN_ENUM_CONVERSION = YES;
				CLANG_WARN_INT_CONVERSION = YES;
				CLANG_WARN_OBJC_ROOT_CLASS = YES_ERROR;
				CLANG_WARN_UNREACHABLE_CODE = YES;
				CLANG_WARN__DUPLICATE_METHOD_MATCH = YES;
				"CODE_SIGN_IDENTITY[sdk=iphoneos*]" = "iPhone Developer";
				COPY_PHASE_STRIP = NO;
				CURRENT_PROJECT_VERSION = 1;
				DEBUG_INFORMATION_FORMAT = "dwarf-with-dsym";
				ENABLE_NS_ASSERTIONS = NO;
				ENABLE_STRICT_OBJC_MSGSEND = YES;
				GCC_C_LANGUAGE_STANDARD = gnu99;
				GCC_NO_COMMON_BLOCKS = YES;
				GCC_WARN_64_TO_32_BIT_CONVERSION = YES;
				GCC_WARN_ABOUT_RETURN_TYPE = YES_ERROR;
				GCC_WARN_UNDECLARED_SELECTOR = YES;
				GCC_WARN_UNINITIALIZED_AUTOS = YES_AGGRESSIVE;
				GCC_WARN_UNUSED_FUNCTION = YES;
				GCC_WARN_UNUSED_VARIABLE = YES;
				IPHONEOS_DEPLOYMENT_TARGET = 9.2;
				MTL_ENABLE_DEBUG_INFO = NO;
				SDKROOT = iphoneos;
				TARGETED_DEVICE_FAMILY = "1,2";
				VALIDATE_PRODUCT = YES;
				VERSIONING_SYSTEM = "apple-generic";
				VERSION_INFO_PREFIX = "";
			};
			name = Release;
		};
		43EAF8471C0A2FF500EA2B30 /* Debug */ = {
			isa = XCBuildConfiguration;
			buildSettings = {
				CODE_SIGN_IDENTITY = "iPhone Developer";
				DEFINES_MODULE = YES;
				DYLIB_COMPATIBILITY_VERSION = 1;
				DYLIB_CURRENT_VERSION = 1;
				DYLIB_INSTALL_NAME_BASE = "@rpath";
				FRAMEWORK_SEARCH_PATHS = "$(PROJECT_DIR)/../Carthage/Build/iOS";
				HEADER_SEARCH_PATHS = "$(SDKROOT)/usr/include/libxml2";
				INFOPLIST_FILE = "Spectra-iOS/Info.plist";
				INSTALL_PATH = "$(LOCAL_LIBRARY_DIR)/Frameworks";
				IPHONEOS_DEPLOYMENT_TARGET = 9.2;
				LD_RUNPATH_SEARCH_PATHS = "$(inherited) @executable_path/Frameworks @loader_path/Frameworks";
				PRODUCT_BUNDLE_IDENTIFIER = com.spectra.Spectra;
				PRODUCT_NAME = Spectra;
				SKIP_INSTALL = YES;
			};
			name = Debug;
		};
		43EAF8481C0A2FF500EA2B30 /* Release */ = {
			isa = XCBuildConfiguration;
			buildSettings = {
				CODE_SIGN_IDENTITY = "iPhone Developer";
				DEFINES_MODULE = YES;
				DYLIB_COMPATIBILITY_VERSION = 1;
				DYLIB_CURRENT_VERSION = 1;
				DYLIB_INSTALL_NAME_BASE = "@rpath";
				FRAMEWORK_SEARCH_PATHS = "$(PROJECT_DIR)/../Carthage/Build/iOS";
				HEADER_SEARCH_PATHS = "$(SDKROOT)/usr/include/libxml2";
				INFOPLIST_FILE = "Spectra-iOS/Info.plist";
				INSTALL_PATH = "$(LOCAL_LIBRARY_DIR)/Frameworks";
				IPHONEOS_DEPLOYMENT_TARGET = 9.2;
				LD_RUNPATH_SEARCH_PATHS = "$(inherited) @executable_path/Frameworks @loader_path/Frameworks";
				PRODUCT_BUNDLE_IDENTIFIER = com.spectra.Spectra;
				PRODUCT_NAME = Spectra;
				SKIP_INSTALL = YES;
			};
			name = Release;
		};
		43EAF84A1C0A2FF500EA2B30 /* Debug */ = {
			isa = XCBuildConfiguration;
			buildSettings = {
				FRAMEWORK_SEARCH_PATHS = "$(PROJECT_DIR)/../Carthage/Build/iOS";
				INFOPLIST_FILE = "Spectra-iOSTests/Info.plist";
				LD_RUNPATH_SEARCH_PATHS = "$(inherited) @executable_path/Frameworks @loader_path/Frameworks";
				PRODUCT_BUNDLE_IDENTIFIER = com.spectra.SpectraiOSTests;
				PRODUCT_NAME = SpectraiOSSpec;
				TEST_HOST = "$(BUILT_PRODUCTS_DIR)/Spectra-iOSExample.app/Spectra-iOSExample";
			};
			name = Debug;
		};
		43EAF84B1C0A2FF500EA2B30 /* Release */ = {
			isa = XCBuildConfiguration;
			buildSettings = {
				FRAMEWORK_SEARCH_PATHS = "$(PROJECT_DIR)/../Carthage/Build/iOS";
				INFOPLIST_FILE = "Spectra-iOSTests/Info.plist";
				LD_RUNPATH_SEARCH_PATHS = "$(inherited) @executable_path/Frameworks @loader_path/Frameworks";
				PRODUCT_BUNDLE_IDENTIFIER = com.spectra.SpectraiOSTests;
				PRODUCT_NAME = SpectraiOSSpec;
				TEST_HOST = "$(BUILT_PRODUCTS_DIR)/Spectra-iOSExample.app/Spectra-iOSExample";
			};
			name = Release;
		};
/* End XCBuildConfiguration section */

/* Begin XCConfigurationList section */
		4338B8DD1C18DC92007D3DF6 /* Build configuration list for PBXNativeTarget "Spectra-iOSExample" */ = {
			isa = XCConfigurationList;
			buildConfigurations = (
				4338B8DE1C18DC92007D3DF6 /* Debug */,
				4338B8DF1C18DC92007D3DF6 /* Release */,
			);
			defaultConfigurationIsVisible = 0;
			defaultConfigurationName = Release;
		};
		43EAF82C1C0A2FF500EA2B30 /* Build configuration list for PBXProject "SpectraiOS" */ = {
			isa = XCConfigurationList;
			buildConfigurations = (
				43EAF8441C0A2FF500EA2B30 /* Debug */,
				43EAF8451C0A2FF500EA2B30 /* Release */,
			);
			defaultConfigurationIsVisible = 0;
			defaultConfigurationName = Release;
		};
		43EAF8461C0A2FF500EA2B30 /* Build configuration list for PBXNativeTarget "SpectraiOS" */ = {
			isa = XCConfigurationList;
			buildConfigurations = (
				43EAF8471C0A2FF500EA2B30 /* Debug */,
				43EAF8481C0A2FF500EA2B30 /* Release */,
			);
			defaultConfigurationIsVisible = 0;
			defaultConfigurationName = Release;
		};
		43EAF8491C0A2FF500EA2B30 /* Build configuration list for PBXNativeTarget "SpectraiOSTests" */ = {
			isa = XCConfigurationList;
			buildConfigurations = (
				43EAF84A1C0A2FF500EA2B30 /* Debug */,
				43EAF84B1C0A2FF500EA2B30 /* Release */,
			);
			defaultConfigurationIsVisible = 0;
			defaultConfigurationName = Release;
		};
/* End XCConfigurationList section */
	};
	rootObject = 43EAF8291C0A2FF500EA2B30 /* Project object */;
}
